// !$*UTF8*$!
{
	archiveVersion = 1;
	classes = {
	};
	objectVersion = 77;
	objects = {

/* Begin PBXBuildFile section */
		5131DE812D5DCB5C00527C8E /* HomeVC.swift in Sources */ = {isa = PBXBuildFile; fileRef = 5131DE802D5DCB5C00527C8E /* HomeVC.swift */; };
		5131DE852D5DD10300527C8E /* Pretendard-SemiBold.otf in Resources */ = {isa = PBXBuildFile; fileRef = 5131DE842D5DD10300527C8E /* Pretendard-SemiBold.otf */; };
		5131DE862D5DD10300527C8E /* Pretendard-Bold.otf in Resources */ = {isa = PBXBuildFile; fileRef = 5131DE832D5DD10300527C8E /* Pretendard-Bold.otf */; };
		515C38BC2D5DC22C00FC0957 /* Assets.xcassets in Resources */ = {isa = PBXBuildFile; fileRef = 515C38B12D5DC22C00FC0957 /* Assets.xcassets */; };
		515C38BE2D5DC22C00FC0957 /* LaunchScreen.storyboard in Resources */ = {isa = PBXBuildFile; fileRef = 515C38B42D5DC22C00FC0957 /* LaunchScreen.storyboard */; };
		515C38C02D5DC22C00FC0957 /* AppDelegate.swift in Sources */ = {isa = PBXBuildFile; fileRef = 515C38B02D5DC22C00FC0957 /* AppDelegate.swift */; };
		515C38C12D5DC22C00FC0957 /* PrographyAssignment.xcdatamodeld in Sources */ = {isa = PBXBuildFile; fileRef = 515C38B72D5DC22C00FC0957 /* PrographyAssignment.xcdatamodeld */; };
		515C38C22D5DC22C00FC0957 /* SceneDelegate.swift in Sources */ = {isa = PBXBuildFile; fileRef = 515C38B82D5DC22C00FC0957 /* SceneDelegate.swift */; };
		515C38C62D5DC3BC00FC0957 /* RxCocoa in Frameworks */ = {isa = PBXBuildFile; productRef = 515C38C52D5DC3BC00FC0957 /* RxCocoa */; };
		515C38C92D5DC3E300FC0957 /* SnapKit in Frameworks */ = {isa = PBXBuildFile; productRef = 515C38C82D5DC3E300FC0957 /* SnapKit */; };
/* End PBXBuildFile section */

/* Begin PBXFileReference section */
		5131DE802D5DCB5C00527C8E /* HomeVC.swift */ = {isa = PBXFileReference; lastKnownFileType = sourcecode.swift; path = HomeVC.swift; sourceTree = "<group>"; };
		5131DE832D5DD10300527C8E /* Pretendard-Bold.otf */ = {isa = PBXFileReference; lastKnownFileType = file; path = "Pretendard-Bold.otf"; sourceTree = "<group>"; };
		5131DE842D5DD10300527C8E /* Pretendard-SemiBold.otf */ = {isa = PBXFileReference; lastKnownFileType = file; path = "Pretendard-SemiBold.otf"; sourceTree = "<group>"; };
		5131DE882D5DDA9A00527C8E /* ko */ = {isa = PBXFileReference; lastKnownFileType = text.plist.strings; name = ko; path = ko.lproj/LaunchScreen.strings; sourceTree = "<group>"; };
		515C38952D5DC20A00FC0957 /* PrographyAssignment.app */ = {isa = PBXFileReference; explicitFileType = wrapper.application; includeInIndex = 0; path = PrographyAssignment.app; sourceTree = BUILT_PRODUCTS_DIR; };
		515C38B02D5DC22C00FC0957 /* AppDelegate.swift */ = {isa = PBXFileReference; lastKnownFileType = sourcecode.swift; path = AppDelegate.swift; sourceTree = "<group>"; };
		515C38B12D5DC22C00FC0957 /* Assets.xcassets */ = {isa = PBXFileReference; lastKnownFileType = folder.assetcatalog; path = Assets.xcassets; sourceTree = "<group>"; };
		515C38B22D5DC22C00FC0957 /* Info.plist */ = {isa = PBXFileReference; lastKnownFileType = text.plist.xml; path = Info.plist; sourceTree = "<group>"; };
		515C38B32D5DC22C00FC0957 /* Base */ = {isa = PBXFileReference; lastKnownFileType = file.storyboard; name = Base; path = Base.lproj/LaunchScreen.storyboard; sourceTree = "<group>"; };
		515C38B82D5DC22C00FC0957 /* SceneDelegate.swift */ = {isa = PBXFileReference; lastKnownFileType = sourcecode.swift; path = SceneDelegate.swift; sourceTree = "<group>"; };
		515C38BB2D5DC22C00FC0957 /* PrographyAssignment.xcdatamodel */ = {isa = PBXFileReference; lastKnownFileType = wrapper.xcdatamodel; path = PrographyAssignment.xcdatamodel; sourceTree = "<group>"; };
/* End PBXFileReference section */

/* Begin PBXFrameworksBuildPhase section */
		515C38922D5DC20A00FC0957 /* Frameworks */ = {
			isa = PBXFrameworksBuildPhase;
			buildActionMask = 2147483647;
			files = (
				515C38C62D5DC3BC00FC0957 /* RxCocoa in Frameworks */,
				515C38C92D5DC3E300FC0957 /* SnapKit in Frameworks */,
			);
			runOnlyForDeploymentPostprocessing = 0;
		};
/* End PBXFrameworksBuildPhase section */

/* Begin PBXGroup section */
		5131DE7B2D5DC7A300527C8E /* Feature */ = {
			isa = PBXGroup;
			children = (
				5131DE822D5DCB6000527C8E /* Home */,
			);
			path = Feature;
			sourceTree = "<group>";
		};
		5131DE7C2D5DC7AF00527C8E /* Common */ = {
			isa = PBXGroup;
			children = (
				5131DE7D2D5DC7D500527C8E /* Application */,
				515C38B42D5DC22C00FC0957 /* LaunchScreen.storyboard */,
				515C38B12D5DC22C00FC0957 /* Assets.xcassets */,
				5131DE7E2D5DC7F900527C8E /* CoreData */,
				5131DE7F2D5DC82100527C8E /* Fonts */,
				5131DE872D5DD25B00527C8E /* Extentions */,
			);
			path = Common;
			sourceTree = "<group>";
		};
		5131DE7D2D5DC7D500527C8E /* Application */ = {
			isa = PBXGroup;
			children = (
				515C38B02D5DC22C00FC0957 /* AppDelegate.swift */,
				515C38B82D5DC22C00FC0957 /* SceneDelegate.swift */,
			);
			path = Application;
			sourceTree = "<group>";
		};
		5131DE7E2D5DC7F900527C8E /* CoreData */ = {
			isa = PBXGroup;
			children = (
				515C38B72D5DC22C00FC0957 /* PrographyAssignment.xcdatamodeld */,
			);
			path = CoreData;
			sourceTree = "<group>";
		};
		5131DE7F2D5DC82100527C8E /* Fonts */ = {
			isa = PBXGroup;
			children = (
				5131DE832D5DD10300527C8E /* Pretendard-Bold.otf */,
				5131DE842D5DD10300527C8E /* Pretendard-SemiBold.otf */,
			);
			path = Fonts;
			sourceTree = "<group>";
		};
		5131DE822D5DCB6000527C8E /* Home */ = {
			isa = PBXGroup;
			children = (
				5131DE802D5DCB5C00527C8E /* HomeVC.swift */,
			);
			path = Home;
			sourceTree = "<group>";
		};
		5131DE872D5DD25B00527C8E /* Extentions */ = {
			isa = PBXGroup;
			children = (
			);
			path = Extentions;
			sourceTree = "<group>";
		};
		515C388C2D5DC20A00FC0957 = {
			isa = PBXGroup;
			children = (
				515C38BA2D5DC22C00FC0957 /* PrographyAssignment */,
				515C38962D5DC20A00FC0957 /* Products */,
			);
			sourceTree = "<group>";
		};
		515C38962D5DC20A00FC0957 /* Products */ = {
			isa = PBXGroup;
			children = (
				515C38952D5DC20A00FC0957 /* PrographyAssignment.app */,
			);
			name = Products;
			sourceTree = "<group>";
		};
		515C38BA2D5DC22C00FC0957 /* PrographyAssignment */ = {
			isa = PBXGroup;
			children = (
				515C38B22D5DC22C00FC0957 /* Info.plist */,
				5131DE7B2D5DC7A300527C8E /* Feature */,
				5131DE7C2D5DC7AF00527C8E /* Common */,
			);
			path = PrographyAssignment;
			sourceTree = "<group>";
		};
/* End PBXGroup section */

/* Begin PBXNativeTarget section */
		515C38942D5DC20A00FC0957 /* PrographyAssignment */ = {
			isa = PBXNativeTarget;
			buildConfigurationList = 515C38AB2D5DC20B00FC0957 /* Build configuration list for PBXNativeTarget "PrographyAssignment" */;
			buildPhases = (
				515C38912D5DC20A00FC0957 /* Sources */,
				515C38922D5DC20A00FC0957 /* Frameworks */,
				515C38932D5DC20A00FC0957 /* Resources */,
			);
			buildRules = (
			);
			dependencies = (
			);
			name = PrographyAssignment;
			packageProductDependencies = (
				515C38C52D5DC3BC00FC0957 /* RxCocoa */,
				515C38C82D5DC3E300FC0957 /* SnapKit */,
			);
			productName = PrographyAssignment;
			productReference = 515C38952D5DC20A00FC0957 /* PrographyAssignment.app */;
			productType = "com.apple.product-type.application";
		};
/* End PBXNativeTarget section */

/* Begin PBXProject section */
		515C388D2D5DC20A00FC0957 /* Project object */ = {
			isa = PBXProject;
			attributes = {
				BuildIndependentTargetsInParallel = 1;
				LastSwiftUpdateCheck = 1620;
				LastUpgradeCheck = 1620;
				TargetAttributes = {
					515C38942D5DC20A00FC0957 = {
						CreatedOnToolsVersion = 16.2;
					};
				};
			};
			buildConfigurationList = 515C38902D5DC20A00FC0957 /* Build configuration list for PBXProject "PrographyAssignment" */;
			developmentRegion = ko;
			hasScannedForEncodings = 0;
			knownRegions = (
				Base,
				ko,
			);
			mainGroup = 515C388C2D5DC20A00FC0957;
			minimizedProjectReferenceProxies = 1;
			packageReferences = (
				515C38C42D5DC3BC00FC0957 /* XCRemoteSwiftPackageReference "RxSwift" */,
				515C38C72D5DC3E300FC0957 /* XCRemoteSwiftPackageReference "SnapKit" */,
			);
			preferredProjectObjectVersion = 77;
			productRefGroup = 515C38962D5DC20A00FC0957 /* Products */;
			projectDirPath = "";
			projectRoot = "";
			targets = (
				515C38942D5DC20A00FC0957 /* PrographyAssignment */,
			);
		};
/* End PBXProject section */

/* Begin PBXResourcesBuildPhase section */
		515C38932D5DC20A00FC0957 /* Resources */ = {
			isa = PBXResourcesBuildPhase;
			buildActionMask = 2147483647;
			files = (
				5131DE852D5DD10300527C8E /* Pretendard-SemiBold.otf in Resources */,
				5131DE862D5DD10300527C8E /* Pretendard-Bold.otf in Resources */,
				515C38BC2D5DC22C00FC0957 /* Assets.xcassets in Resources */,
				515C38BE2D5DC22C00FC0957 /* LaunchScreen.storyboard in Resources */,
			);
			runOnlyForDeploymentPostprocessing = 0;
		};
/* End PBXResourcesBuildPhase section */

/* Begin PBXSourcesBuildPhase section */
		515C38912D5DC20A00FC0957 /* Sources */ = {
			isa = PBXSourcesBuildPhase;
			buildActionMask = 2147483647;
			files = (
				515C38C02D5DC22C00FC0957 /* AppDelegate.swift in Sources */,
				5131DE812D5DCB5C00527C8E /* HomeVC.swift in Sources */,
				515C38C12D5DC22C00FC0957 /* PrographyAssignment.xcdatamodeld in Sources */,
				515C38C22D5DC22C00FC0957 /* SceneDelegate.swift in Sources */,
			);
			runOnlyForDeploymentPostprocessing = 0;
		};
/* End PBXSourcesBuildPhase section */

/* Begin PBXVariantGroup section */
		515C38B42D5DC22C00FC0957 /* LaunchScreen.storyboard */ = {
			isa = PBXVariantGroup;
			children = (
				515C38B32D5DC22C00FC0957 /* Base */,
				5131DE882D5DDA9A00527C8E /* ko */,
			);
			name = LaunchScreen.storyboard;
			sourceTree = "<group>";
		};
/* End PBXVariantGroup section */

/* Begin XCBuildConfiguration section */
		515C38AC2D5DC20B00FC0957 /* Debug */ = {
			isa = XCBuildConfiguration;
			buildSettings = {
				ASSETCATALOG_COMPILER_APPICON_NAME = AppIcon;
				ASSETCATALOG_COMPILER_GLOBAL_ACCENT_COLOR_NAME = AccentColor;
				CODE_SIGN_STYLE = Automatic;
				CURRENT_PROJECT_VERSION = 1;
				DEVELOPMENT_TEAM = 4ZYD8FJ88F;
				GENERATE_INFOPLIST_FILE = YES;
				INFOPLIST_FILE = PrographyAssignment/Info.plist;
				INFOPLIST_KEY_CFBundleDisplayName = PrographyAssignment;
				INFOPLIST_KEY_UIApplicationSupportsIndirectInputEvents = YES;
				INFOPLIST_KEY_UILaunchStoryboardName = LaunchScreen;
				INFOPLIST_KEY_UISupportedInterfaceOrientations = UIInterfaceOrientationPortrait;
				INFOPLIST_KEY_UISupportedInterfaceOrientations_iPad = "UIInterfaceOrientationLandscapeLeft UIInterfaceOrientationLandscapeRight UIInterfaceOrientationPortrait UIInterfaceOrientationPortraitUpsideDown";
				INFOPLIST_KEY_UIUserInterfaceStyle = Light;
				IPHONEOS_DEPLOYMENT_TARGET = 17.6;
				LD_RUNPATH_SEARCH_PATHS = (
					"$(inherited)",
					"@executable_path/Frameworks",
				);
				MARKETING_VERSION = 1.0;
				PRODUCT_BUNDLE_IDENTIFIER = com.chunim.PrographyAssignment;
				PRODUCT_NAME = "$(TARGET_NAME)";
				SUPPORTED_PLATFORMS = "iphoneos iphonesimulator";
				SUPPORTS_MACCATALYST = NO;
				SUPPORTS_MAC_DESIGNED_FOR_IPHONE_IPAD = NO;
				SUPPORTS_XR_DESIGNED_FOR_IPHONE_IPAD = NO;
				SWIFT_EMIT_LOC_STRINGS = YES;
				SWIFT_VERSION = 5.0;
				TARGETED_DEVICE_FAMILY = 1;
			};
			name = Debug;
		};
		515C38AD2D5DC20B00FC0957 /* Release */ = {
			isa = XCBuildConfiguration;
			buildSettings = {
				ASSETCATALOG_COMPILER_APPICON_NAME = AppIcon;
				ASSETCATALOG_COMPILER_GLOBAL_ACCENT_COLOR_NAME = AccentColor;
				CODE_SIGN_STYLE = Automatic;
				CURRENT_PROJECT_VERSION = 1;
				DEVELOPMENT_TEAM = 4ZYD8FJ88F;
				GENERATE_INFOPLIST_FILE = YES;
				INFOPLIST_FILE = PrographyAssignment/Info.plist;
				INFOPLIST_KEY_CFBundleDisplayName = PrographyAssignment;
				INFOPLIST_KEY_UIApplicationSupportsIndirectInputEvents = YES;
				INFOPLIST_KEY_UILaunchStoryboardName = LaunchScreen;
				INFOPLIST_KEY_UISupportedInterfaceOrientations = UIInterfaceOrientationPortrait;
				INFOPLIST_KEY_UISupportedInterfaceOrientations_iPad = "UIInterfaceOrientationLandscapeLeft UIInterfaceOrientationLandscapeRight UIInterfaceOrientationPortrait UIInterfaceOrientationPortraitUpsideDown";
				INFOPLIST_KEY_UIUserInterfaceStyle = Light;
				IPHONEOS_DEPLOYMENT_TARGET = 17.6;
				LD_RUNPATH_SEARCH_PATHS = (
					"$(inherited)",
					"@executable_path/Frameworks",
				);
				MARKETING_VERSION = 1.0;
				PRODUCT_BUNDLE_IDENTIFIER = com.chunim.PrographyAssignment;
				PRODUCT_NAME = "$(TARGET_NAME)";
				SUPPORTED_PLATFORMS = "iphoneos iphonesimulator";
				SUPPORTS_MACCATALYST = NO;
				SUPPORTS_MAC_DESIGNED_FOR_IPHONE_IPAD = NO;
				SUPPORTS_XR_DESIGNED_FOR_IPHONE_IPAD = NO;
				SWIFT_EMIT_LOC_STRINGS = YES;
				SWIFT_VERSION = 5.0;
				TARGETED_DEVICE_FAMILY = 1;
			};
			name = Release;
		};
		515C38AE2D5DC20B00FC0957 /* Debug */ = {
			isa = XCBuildConfiguration;
			buildSettings = {
				ALWAYS_SEARCH_USER_PATHS = NO;
				ASSETCATALOG_COMPILER_GENERATE_SWIFT_ASSET_SYMBOL_EXTENSIONS = YES;
				CLANG_ANALYZER_LOCALIZABILITY_NONLOCALIZED = YES;
				CLANG_ANALYZER_NONNULL = YES;
				CLANG_ANALYZER_NUMBER_OBJECT_CONVERSION = YES_AGGRESSIVE;
				CLANG_CXX_LANGUAGE_STANDARD = "gnu++20";
				CLANG_ENABLE_MODULES = YES;
				CLANG_ENABLE_OBJC_ARC = YES;
				CLANG_ENABLE_OBJC_WEAK = YES;
				CLANG_WARN_BLOCK_CAPTURE_AUTORELEASING = YES;
				CLANG_WARN_BOOL_CONVERSION = YES;
				CLANG_WARN_COMMA = YES;
				CLANG_WARN_CONSTANT_CONVERSION = YES;
				CLANG_WARN_DEPRECATED_OBJC_IMPLEMENTATIONS = YES;
				CLANG_WARN_DIRECT_OBJC_ISA_USAGE = YES_ERROR;
				CLANG_WARN_DOCUMENTATION_COMMENTS = YES;
				CLANG_WARN_EMPTY_BODY = YES;
				CLANG_WARN_ENUM_CONVERSION = YES;
				CLANG_WARN_INFINITE_RECURSION = YES;
				CLANG_WARN_INT_CONVERSION = YES;
				CLANG_WARN_NON_LITERAL_NULL_CONVERSION = YES;
				CLANG_WARN_OBJC_IMPLICIT_RETAIN_SELF = YES;
				CLANG_WARN_OBJC_LITERAL_CONVERSION = YES;
				CLANG_WARN_OBJC_ROOT_CLASS = YES_ERROR;
				CLANG_WARN_QUOTED_INCLUDE_IN_FRAMEWORK_HEADER = YES;
				CLANG_WARN_RANGE_LOOP_ANALYSIS = YES;
				CLANG_WARN_STRICT_PROTOTYPES = YES;
				CLANG_WARN_SUSPICIOUS_MOVE = YES;
				CLANG_WARN_UNGUARDED_AVAILABILITY = YES_AGGRESSIVE;
				CLANG_WARN_UNREACHABLE_CODE = YES;
				CLANG_WARN__DUPLICATE_METHOD_MATCH = YES;
				COPY_PHASE_STRIP = NO;
				DEBUG_INFORMATION_FORMAT = dwarf;
				ENABLE_STRICT_OBJC_MSGSEND = YES;
				ENABLE_TESTABILITY = YES;
				ENABLE_USER_SCRIPT_SANDBOXING = YES;
				GCC_C_LANGUAGE_STANDARD = gnu17;
				GCC_DYNAMIC_NO_PIC = NO;
				GCC_NO_COMMON_BLOCKS = YES;
				GCC_OPTIMIZATION_LEVEL = 0;
				GCC_PREPROCESSOR_DEFINITIONS = (
					"DEBUG=1",
					"$(inherited)",
				);
				GCC_WARN_64_TO_32_BIT_CONVERSION = YES;
				GCC_WARN_ABOUT_RETURN_TYPE = YES_ERROR;
				GCC_WARN_UNDECLARED_SELECTOR = YES;
				GCC_WARN_UNINITIALIZED_AUTOS = YES_AGGRESSIVE;
				GCC_WARN_UNUSED_FUNCTION = YES;
				GCC_WARN_UNUSED_VARIABLE = YES;
				IPHONEOS_DEPLOYMENT_TARGET = 18.2;
				LOCALIZATION_PREFERS_STRING_CATALOGS = YES;
				MTL_ENABLE_DEBUG_INFO = INCLUDE_SOURCE;
				MTL_FAST_MATH = YES;
				ONLY_ACTIVE_ARCH = YES;
				SDKROOT = iphoneos;
				SWIFT_ACTIVE_COMPILATION_CONDITIONS = "DEBUG $(inherited)";
				SWIFT_OPTIMIZATION_LEVEL = "-Onone";
			};
			name = Debug;
		};
		515C38AF2D5DC20B00FC0957 /* Release */ = {
			isa = XCBuildConfiguration;
			buildSettings = {
				ALWAYS_SEARCH_USER_PATHS = NO;
				ASSETCATALOG_COMPILER_GENERATE_SWIFT_ASSET_SYMBOL_EXTENSIONS = YES;
				CLANG_ANALYZER_LOCALIZABILITY_NONLOCALIZED = YES;
				CLANG_ANALYZER_NONNULL = YES;
				CLANG_ANALYZER_NUMBER_OBJECT_CONVERSION = YES_AGGRESSIVE;
				CLANG_CXX_LANGUAGE_STANDARD = "gnu++20";
				CLANG_ENABLE_MODULES = YES;
				CLANG_ENABLE_OBJC_ARC = YES;
				CLANG_ENABLE_OBJC_WEAK = YES;
				CLANG_WARN_BLOCK_CAPTURE_AUTORELEASING = YES;
				CLANG_WARN_BOOL_CONVERSION = YES;
				CLANG_WARN_COMMA = YES;
				CLANG_WARN_CONSTANT_CONVERSION = YES;
				CLANG_WARN_DEPRECATED_OBJC_IMPLEMENTATIONS = YES;
				CLANG_WARN_DIRECT_OBJC_ISA_USAGE = YES_ERROR;
				CLANG_WARN_DOCUMENTATION_COMMENTS = YES;
				CLANG_WARN_EMPTY_BODY = YES;
				CLANG_WARN_ENUM_CONVERSION = YES;
				CLANG_WARN_INFINITE_RECURSION = YES;
				CLANG_WARN_INT_CONVERSION = YES;
				CLANG_WARN_NON_LITERAL_NULL_CONVERSION = YES;
				CLANG_WARN_OBJC_IMPLICIT_RETAIN_SELF = YES;
				CLANG_WARN_OBJC_LITERAL_CONVERSION = YES;
				CLANG_WARN_OBJC_ROOT_CLASS = YES_ERROR;
				CLANG_WARN_QUOTED_INCLUDE_IN_FRAMEWORK_HEADER = YES;
				CLANG_WARN_RANGE_LOOP_ANALYSIS = YES;
				CLANG_WARN_STRICT_PROTOTYPES = YES;
				CLANG_WARN_SUSPICIOUS_MOVE = YES;
				CLANG_WARN_UNGUARDED_AVAILABILITY = YES_AGGRESSIVE;
				CLANG_WARN_UNREACHABLE_CODE = YES;
				CLANG_WARN__DUPLICATE_METHOD_MATCH = YES;
				COPY_PHASE_STRIP = NO;
				DEBUG_INFORMATION_FORMAT = "dwarf-with-dsym";
				ENABLE_NS_ASSERTIONS = NO;
				ENABLE_STRICT_OBJC_MSGSEND = YES;
				ENABLE_USER_SCRIPT_SANDBOXING = YES;
				GCC_C_LANGUAGE_STANDARD = gnu17;
				GCC_NO_COMMON_BLOCKS = YES;
				GCC_WARN_64_TO_32_BIT_CONVERSION = YES;
				GCC_WARN_ABOUT_RETURN_TYPE = YES_ERROR;
				GCC_WARN_UNDECLARED_SELECTOR = YES;
				GCC_WARN_UNINITIALIZED_AUTOS = YES_AGGRESSIVE;
				GCC_WARN_UNUSED_FUNCTION = YES;
				GCC_WARN_UNUSED_VARIABLE = YES;
				IPHONEOS_DEPLOYMENT_TARGET = 18.2;
				LOCALIZATION_PREFERS_STRING_CATALOGS = YES;
				MTL_ENABLE_DEBUG_INFO = NO;
				MTL_FAST_MATH = YES;
				SDKROOT = iphoneos;
				SWIFT_COMPILATION_MODE = wholemodule;
				VALIDATE_PRODUCT = YES;
			};
			name = Release;
		};
/* End XCBuildConfiguration section */

/* Begin XCConfigurationList section */
		515C38902D5DC20A00FC0957 /* Build configuration list for PBXProject "PrographyAssignment" */ = {
			isa = XCConfigurationList;
			buildConfigurations = (
				515C38AE2D5DC20B00FC0957 /* Debug */,
				515C38AF2D5DC20B00FC0957 /* Release */,
			);
			defaultConfigurationIsVisible = 0;
			defaultConfigurationName = Release;
		};
		515C38AB2D5DC20B00FC0957 /* Build configuration list for PBXNativeTarget "PrographyAssignment" */ = {
			isa = XCConfigurationList;
			buildConfigurations = (
				515C38AC2D5DC20B00FC0957 /* Debug */,
				515C38AD2D5DC20B00FC0957 /* Release */,
			);
			defaultConfigurationIsVisible = 0;
			defaultConfigurationName = Release;
		};
/* End XCConfigurationList section */

/* Begin XCRemoteSwiftPackageReference section */
		515C38C42D5DC3BC00FC0957 /* XCRemoteSwiftPackageReference "RxSwift" */ = {
			isa = XCRemoteSwiftPackageReference;
			repositoryURL = "https://github.com/ReactiveX/RxSwift";
			requirement = {
				kind = upToNextMajorVersion;
				minimumVersion = 6.8.0;
			};
		};
		515C38C72D5DC3E300FC0957 /* XCRemoteSwiftPackageReference "SnapKit" */ = {
			isa = XCRemoteSwiftPackageReference;
			repositoryURL = "https://github.com/SnapKit/SnapKit";
			requirement = {
				kind = upToNextMajorVersion;
				minimumVersion = 5.7.1;
			};
		};
/* End XCRemoteSwiftPackageReference section */

/* Begin XCSwiftPackageProductDependency section */
		515C38C52D5DC3BC00FC0957 /* RxCocoa */ = {
			isa = XCSwiftPackageProductDependency;
			package = 515C38C42D5DC3BC00FC0957 /* XCRemoteSwiftPackageReference "RxSwift" */;
			productName = RxCocoa;
		};
		515C38C82D5DC3E300FC0957 /* SnapKit */ = {
			isa = XCSwiftPackageProductDependency;
			package = 515C38C72D5DC3E300FC0957 /* XCRemoteSwiftPackageReference "SnapKit" */;
			productName = SnapKit;
		};
/* End XCSwiftPackageProductDependency section */

/* Begin XCVersionGroup section */
		515C38B72D5DC22C00FC0957 /* PrographyAssignment.xcdatamodeld */ = {
			isa = XCVersionGroup;
			children = (
				515C38BB2D5DC22C00FC0957 /* PrographyAssignment.xcdatamodel */,
			);
			currentVersion = 515C38BB2D5DC22C00FC0957 /* PrographyAssignment.xcdatamodel */;
			path = PrographyAssignment.xcdatamodeld;
			sourceTree = "<group>";
			versionGroupType = wrapper.xcdatamodel;
		};
/* End XCVersionGroup section */
	};
	rootObject = 515C388D2D5DC20A00FC0957 /* Project object */;
}
