// !$*UTF8*$!
{
	archiveVersion = 1;
	classes = {
	};
	objectVersion = 77;
	objects = {

/* Begin PBXBuildFile section */
		512C073B2D6240A000EC996C /* HapticManager.swift in Sources */ = {isa = PBXBuildFile; fileRef = 512C073A2D6240A000EC996C /* HapticManager.swift */; };
		512C073F2D62483A00EC996C /* Comparable+.swift in Sources */ = {isa = PBXBuildFile; fileRef = 512C073E2D62483500EC996C /* Comparable+.swift */; };
		512C07452D62536B00EC996C /* Int+.swift in Sources */ = {isa = PBXBuildFile; fileRef = 512C07442D62536700EC996C /* Int+.swift */; };
		512C07492D62655700EC996C /* GenreTagCollectionView.swift in Sources */ = {isa = PBXBuildFile; fileRef = 512C07482D62654800EC996C /* GenreTagCollectionView.swift */; };
		512C27B42D5F1CFD0094CF49 /* Secrets.xcconfig in Resources */ = {isa = PBXBuildFile; fileRef = 512C27B32D5F1CFD0094CF49 /* Secrets.xcconfig */; };
		512C27BC2D5F4D130094CF49 /* HomeVM.swift in Sources */ = {isa = PBXBuildFile; fileRef = 512C27BB2D5F4D070094CF49 /* HomeVM.swift */; };
		5131DE812D5DCB5C00527C8E /* HomeVC.swift in Sources */ = {isa = PBXBuildFile; fileRef = 5131DE802D5DCB5C00527C8E /* HomeVC.swift */; };
		5131DE852D5DD10300527C8E /* Pretendard-SemiBold.otf in Resources */ = {isa = PBXBuildFile; fileRef = 5131DE842D5DD10300527C8E /* Pretendard-SemiBold.otf */; };
		5131DE862D5DD10300527C8E /* Pretendard-Bold.otf in Resources */ = {isa = PBXBuildFile; fileRef = 5131DE832D5DD10300527C8E /* Pretendard-Bold.otf */; };
		5131DE8D2D5DDEF100527C8E /* UIViewController+.swift in Sources */ = {isa = PBXBuildFile; fileRef = 5131DE8C2D5DDEF100527C8E /* UIViewController+.swift */; };
		5131DE922D5DE5DB00527C8E /* BackdropCarouselView.swift in Sources */ = {isa = PBXBuildFile; fileRef = 5131DE912D5DE5DB00527C8E /* BackdropCarouselView.swift */; };
		5131DE962D5DE69900527C8E /* NSDirectionalEdgeInsets+.swift in Sources */ = {isa = PBXBuildFile; fileRef = 5131DE942D5DE69900527C8E /* NSDirectionalEdgeInsets+.swift */; };
		5131DE972D5DE69900527C8E /* UIEdgeInsets+.swift in Sources */ = {isa = PBXBuildFile; fileRef = 5131DE952D5DE69900527C8E /* UIEdgeInsets+.swift */; };
		5131DE992D5DEA1B00527C8E /* CarouselCell.swift in Sources */ = {isa = PBXBuildFile; fileRef = 5131DE982D5DEA1B00527C8E /* CarouselCell.swift */; };
		5131DE9B2D5DEC0D00527C8E /* UIFont+.swift in Sources */ = {isa = PBXBuildFile; fileRef = 5131DE9A2D5DEC0A00527C8E /* UIFont+.swift */; };
		5131DE9D2D5DF3C600527C8E /* CarouselGradientView.swift in Sources */ = {isa = PBXBuildFile; fileRef = 5131DE9C2D5DF3C600527C8E /* CarouselGradientView.swift */; };
		5131DE9F2D5DFC2E00527C8E /* UICollectionView+.swift in Sources */ = {isa = PBXBuildFile; fileRef = 5131DE9E2D5DFC2B00527C8E /* UICollectionView+.swift */; };
		5131DEA52D5E1DDE00527C8E /* Kingfisher in Frameworks */ = {isa = PBXBuildFile; productRef = 5131DEA42D5E1DDE00527C8E /* Kingfisher */; };
		5131DEA72D5E1F8000527C8E /* CarouselCellData.swift in Sources */ = {isa = PBXBuildFile; fileRef = 5131DEA62D5E1F4100527C8E /* CarouselCellData.swift */; };
		5131DEA92D5E231200527C8E /* BackdropCarouselVM.swift in Sources */ = {isa = PBXBuildFile; fileRef = 5131DEA82D5E230D00527C8E /* BackdropCarouselVM.swift */; };
		5131DEAC2D5E293400527C8E /* MockData.swift in Sources */ = {isa = PBXBuildFile; fileRef = 5131DEAB2D5E292D00527C8E /* MockData.swift */; };
		5131DEAF2D5E2C9300527C8E /* TMDBNetworkManager.swift in Sources */ = {isa = PBXBuildFile; fileRef = 5131DEAE2D5E2C8800527C8E /* TMDBNetworkManager.swift */; };
		5131DEC32D5E42A800527C8E /* NetworkingTests.swift in Sources */ = {isa = PBXBuildFile; fileRef = 5131DEC12D5E42A800527C8E /* NetworkingTests.swift */; };
		5131DEC92D5E521400527C8E /* MovieInfo.swift in Sources */ = {isa = PBXBuildFile; fileRef = 5131DEC82D5E520D00527C8E /* MovieInfo.swift */; };
		515998652D6301740013D4C8 /* MovieReviewVC.swift in Sources */ = {isa = PBXBuildFile; fileRef = 515998642D6301740013D4C8 /* MovieReviewVC.swift */; };
		515C38BC2D5DC22C00FC0957 /* Assets.xcassets in Resources */ = {isa = PBXBuildFile; fileRef = 515C38B12D5DC22C00FC0957 /* Assets.xcassets */; };
		515C38BE2D5DC22C00FC0957 /* LaunchScreen.storyboard in Resources */ = {isa = PBXBuildFile; fileRef = 515C38B42D5DC22C00FC0957 /* LaunchScreen.storyboard */; };
		515C38C02D5DC22C00FC0957 /* AppDelegate.swift in Sources */ = {isa = PBXBuildFile; fileRef = 515C38B02D5DC22C00FC0957 /* AppDelegate.swift */; };
		515C38C12D5DC22C00FC0957 /* PrographyAssignment.xcdatamodeld in Sources */ = {isa = PBXBuildFile; fileRef = 515C38B72D5DC22C00FC0957 /* PrographyAssignment.xcdatamodeld */; };
		515C38C22D5DC22C00FC0957 /* SceneDelegate.swift in Sources */ = {isa = PBXBuildFile; fileRef = 515C38B82D5DC22C00FC0957 /* SceneDelegate.swift */; };
		515C38C62D5DC3BC00FC0957 /* RxCocoa in Frameworks */ = {isa = PBXBuildFile; productRef = 515C38C52D5DC3BC00FC0957 /* RxCocoa */; };
		515C38C92D5DC3E300FC0957 /* SnapKit in Frameworks */ = {isa = PBXBuildFile; productRef = 515C38C82D5DC3E300FC0957 /* SnapKit */; };
		5186E9AF2D6303C800B2A6A4 /* PosterCardGradientView.swift in Sources */ = {isa = PBXBuildFile; fileRef = 5186E9AE2D6303C800B2A6A4 /* PosterCardGradientView.swift */; };
		5186E9B12D63088E00B2A6A4 /* PosterCardView.swift in Sources */ = {isa = PBXBuildFile; fileRef = 5186E9B02D63088400B2A6A4 /* PosterCardView.swift */; };
		5186E9B32D63109300B2A6A4 /* StarsView.swift in Sources */ = {isa = PBXBuildFile; fileRef = 5186E9B22D63108E00B2A6A4 /* StarsView.swift */; };
		5186E9B52D63145400B2A6A4 /* UIImage+.swift in Sources */ = {isa = PBXBuildFile; fileRef = 5186E9B42D63144F00B2A6A4 /* UIImage+.swift */; };
		5186E9B92D63243C00B2A6A4 /* DetailsView.swift in Sources */ = {isa = PBXBuildFile; fileRef = 5186E9B82D63243A00B2A6A4 /* DetailsView.swift */; };
		5186E9BB2D63367800B2A6A4 /* DetailsVM.swift in Sources */ = {isa = PBXBuildFile; fileRef = 5186E9BA2D63367200B2A6A4 /* DetailsVM.swift */; };
		5186E9C12D63380B00B2A6A4 /* MovieDetails.swift in Sources */ = {isa = PBXBuildFile; fileRef = 5186E9C02D6337FA00B2A6A4 /* MovieDetails.swift */; };
		5186E9C42D63535E00B2A6A4 /* CommentView.swift in Sources */ = {isa = PBXBuildFile; fileRef = 5186E9C32D63533000B2A6A4 /* CommentView.swift */; };
		5186E9C62D63587D00B2A6A4 /* CommentWriteView.swift in Sources */ = {isa = PBXBuildFile; fileRef = 5186E9C52D63581D00B2A6A4 /* CommentWriteView.swift */; };
		5186E9CD2D63710100B2A6A4 /* CommentWriteVM.swift in Sources */ = {isa = PBXBuildFile; fileRef = 5186E9CC2D6370FC00B2A6A4 /* CommentWriteVM.swift */; };
		5186E9D22D637CD900B2A6A4 /* CommentReadView.swift in Sources */ = {isa = PBXBuildFile; fileRef = 5186E9D12D637CD000B2A6A4 /* CommentReadView.swift */; };
		5186E9D42D63923500B2A6A4 /* MovieReviewVM.swift in Sources */ = {isa = PBXBuildFile; fileRef = 5186E9D32D63923200B2A6A4 /* MovieReviewVM.swift */; };
		51A09B602D604FE80002A2F7 /* ListCell.swift in Sources */ = {isa = PBXBuildFile; fileRef = 51A09B5F2D604F6D0002A2F7 /* ListCell.swift */; };
		51A09B632D60549D0002A2F7 /* Pretendard-Regular.otf in Resources */ = {isa = PBXBuildFile; fileRef = 51A09B622D60549D0002A2F7 /* Pretendard-Regular.otf */; };
		51A09B642D60549D0002A2F7 /* Pretendard-Medium.otf in Resources */ = {isa = PBXBuildFile; fileRef = 51A09B612D60549D0002A2F7 /* Pretendard-Medium.otf */; };
		51A09B662D605D8E0002A2F7 /* GenreCell.swift in Sources */ = {isa = PBXBuildFile; fileRef = 51A09B652D605D8E0002A2F7 /* GenreCell.swift */; };
		51A09B682D60638E0002A2F7 /* ListCellData.swift in Sources */ = {isa = PBXBuildFile; fileRef = 51A09B672D60638B0002A2F7 /* ListCellData.swift */; };
		51A09B6A2D606D4C0002A2F7 /* MovieListVC.swift in Sources */ = {isa = PBXBuildFile; fileRef = 51A09B692D606D4C0002A2F7 /* MovieListVC.swift */; };
		51A09B6C2D6070E20002A2F7 /* MovieListVM.swift in Sources */ = {isa = PBXBuildFile; fileRef = 51A09B6B2D6070DF0002A2F7 /* MovieListVM.swift */; };
		51BAE84E2D65BB50002D7679 /* BackBarButton.swift in Sources */ = {isa = PBXBuildFile; fileRef = 51BAE84D2D65BB49002D7679 /* BackBarButton.swift */; };
		51BAE8512D65E35E002D7679 /* MyVC.swift in Sources */ = {isa = PBXBuildFile; fileRef = 51BAE8502D65E35E002D7679 /* MyVC.swift */; };
		51BAE8542D65E730002D7679 /* FilterOptionButton.swift in Sources */ = {isa = PBXBuildFile; fileRef = 51BAE8532D65E64B002D7679 /* FilterOptionButton.swift */; };
		51E338652D5F723A00DEECA8 /* TabContentsView.swift in Sources */ = {isa = PBXBuildFile; fileRef = 51E338642D5F723A00DEECA8 /* TabContentsView.swift */; };
		51E338672D5F77E700DEECA8 /* UIColor+.swift in Sources */ = {isa = PBXBuildFile; fileRef = 51E338662D5F77E700DEECA8 /* UIColor+.swift */; };
		51E338692D5F84AA00DEECA8 /* TabContentsVM.swift in Sources */ = {isa = PBXBuildFile; fileRef = 51E338682D5F84A600DEECA8 /* TabContentsVM.swift */; };
		51E3386C2D5F900900DEECA8 /* OnlyOnce.swift in Sources */ = {isa = PBXBuildFile; fileRef = 51E3386B2D5F900900DEECA8 /* OnlyOnce.swift */; };
		51E338702D5FA28800DEECA8 /* PageTableVC.swift in Sources */ = {isa = PBXBuildFile; fileRef = 51E3386F2D5FA28800DEECA8 /* PageTableVC.swift */; };
		51EB40702D64657C0069DF1E /* CoreDataManager.swift in Sources */ = {isa = PBXBuildFile; fileRef = 51EB406F2D6465730069DF1E /* CoreDataManager.swift */; };
		51EB40722D6465E80069DF1E /* ReviewData.swift in Sources */ = {isa = PBXBuildFile; fileRef = 51EB40712D6465E40069DF1E /* ReviewData.swift */; };
		51EB40762D6484D50069DF1E /* CoreDataManagerTests.swift in Sources */ = {isa = PBXBuildFile; fileRef = 51EB40752D6484D50069DF1E /* CoreDataManagerTests.swift */; };
		51EB407B2D6488F50069DF1E /* CommentCoreData+CoreDataClass.swift in Sources */ = {isa = PBXBuildFile; fileRef = 51EB40772D6488F50069DF1E /* CommentCoreData+CoreDataClass.swift */; };
		51EB407C2D6488F50069DF1E /* CommentCoreData+CoreDataProperties.swift in Sources */ = {isa = PBXBuildFile; fileRef = 51EB40782D6488F50069DF1E /* CommentCoreData+CoreDataProperties.swift */; };
		51EB407D2D6488F50069DF1E /* ReviewCoreData+CoreDataClass.swift in Sources */ = {isa = PBXBuildFile; fileRef = 51EB40792D6488F50069DF1E /* ReviewCoreData+CoreDataClass.swift */; };
		51EB407E2D6488F50069DF1E /* ReviewCoreData+CoreDataProperties.swift in Sources */ = {isa = PBXBuildFile; fileRef = 51EB407A2D6488F50069DF1E /* ReviewCoreData+CoreDataProperties.swift */; };
		51EB40812D649C170069DF1E /* StarButtonsView.swift in Sources */ = {isa = PBXBuildFile; fileRef = 51EB40802D649C150069DF1E /* StarButtonsView.swift */; };
		51EB40832D64A6A80069DF1E /* ReviewState.swift in Sources */ = {isa = PBXBuildFile; fileRef = 51EB40822D64A6990069DF1E /* ReviewState.swift */; };
		51EB40852D64C14F0069DF1E /* Date+.swift in Sources */ = {isa = PBXBuildFile; fileRef = 51EB40842D64C14C0069DF1E /* Date+.swift */; };
		51EB40882D64D4840069DF1E /* PullDownBarButton.swift in Sources */ = {isa = PBXBuildFile; fileRef = 51EB40872D64D4820069DF1E /* PullDownBarButton.swift */; };
		51EB408A2D64E3610069DF1E /* SaveBarButton.swift in Sources */ = {isa = PBXBuildFile; fileRef = 51EB40892D64E35B0069DF1E /* SaveBarButton.swift */; };
		51EB408C2D64E3B40069DF1E /* BarButtonEvent.swift in Sources */ = {isa = PBXBuildFile; fileRef = 51EB408B2D64E39A0069DF1E /* BarButtonEvent.swift */; };
		51EB40902D6524E10069DF1E /* MovieId.swift in Sources */ = {isa = PBXBuildFile; fileRef = 51EB408F2D6524D20069DF1E /* MovieId.swift */; };
/* End PBXBuildFile section */

/* Begin PBXContainerItemProxy section */
		5131DEBC2D5E420900527C8E /* PBXContainerItemProxy */ = {
			isa = PBXContainerItemProxy;
			containerPortal = 515C388D2D5DC20A00FC0957 /* Project object */;
			proxyType = 1;
			remoteGlobalIDString = 515C38942D5DC20A00FC0957;
			remoteInfo = PrographyAssignment;
		};
/* End PBXContainerItemProxy section */

/* Begin PBXFileReference section */
		512C073A2D6240A000EC996C /* HapticManager.swift */ = {isa = PBXFileReference; lastKnownFileType = sourcecode.swift; path = HapticManager.swift; sourceTree = "<group>"; };
		512C073E2D62483500EC996C /* Comparable+.swift */ = {isa = PBXFileReference; lastKnownFileType = sourcecode.swift; path = "Comparable+.swift"; sourceTree = "<group>"; };
		512C07442D62536700EC996C /* Int+.swift */ = {isa = PBXFileReference; lastKnownFileType = sourcecode.swift; path = "Int+.swift"; sourceTree = "<group>"; };
		512C07482D62654800EC996C /* GenreTagCollectionView.swift */ = {isa = PBXFileReference; lastKnownFileType = sourcecode.swift; path = GenreTagCollectionView.swift; sourceTree = "<group>"; };
		512C27B32D5F1CFD0094CF49 /* Secrets.xcconfig */ = {isa = PBXFileReference; lastKnownFileType = text.xcconfig; path = Secrets.xcconfig; sourceTree = "<group>"; };
		512C27BB2D5F4D070094CF49 /* HomeVM.swift */ = {isa = PBXFileReference; lastKnownFileType = sourcecode.swift; path = HomeVM.swift; sourceTree = "<group>"; };
		5131DE802D5DCB5C00527C8E /* HomeVC.swift */ = {isa = PBXFileReference; lastKnownFileType = sourcecode.swift; path = HomeVC.swift; sourceTree = "<group>"; };
		5131DE832D5DD10300527C8E /* Pretendard-Bold.otf */ = {isa = PBXFileReference; lastKnownFileType = file; path = "Pretendard-Bold.otf"; sourceTree = "<group>"; };
		5131DE842D5DD10300527C8E /* Pretendard-SemiBold.otf */ = {isa = PBXFileReference; lastKnownFileType = file; path = "Pretendard-SemiBold.otf"; sourceTree = "<group>"; };
		5131DE882D5DDA9A00527C8E /* ko */ = {isa = PBXFileReference; lastKnownFileType = text.plist.strings; name = ko; path = ko.lproj/LaunchScreen.strings; sourceTree = "<group>"; };
		5131DE8C2D5DDEF100527C8E /* UIViewController+.swift */ = {isa = PBXFileReference; lastKnownFileType = sourcecode.swift; path = "UIViewController+.swift"; sourceTree = "<group>"; };
		5131DE912D5DE5DB00527C8E /* BackdropCarouselView.swift */ = {isa = PBXFileReference; lastKnownFileType = sourcecode.swift; path = BackdropCarouselView.swift; sourceTree = "<group>"; };
		5131DE942D5DE69900527C8E /* NSDirectionalEdgeInsets+.swift */ = {isa = PBXFileReference; lastKnownFileType = sourcecode.swift; path = "NSDirectionalEdgeInsets+.swift"; sourceTree = "<group>"; };
		5131DE952D5DE69900527C8E /* UIEdgeInsets+.swift */ = {isa = PBXFileReference; lastKnownFileType = sourcecode.swift; path = "UIEdgeInsets+.swift"; sourceTree = "<group>"; };
		5131DE982D5DEA1B00527C8E /* CarouselCell.swift */ = {isa = PBXFileReference; lastKnownFileType = sourcecode.swift; path = CarouselCell.swift; sourceTree = "<group>"; };
		5131DE9A2D5DEC0A00527C8E /* UIFont+.swift */ = {isa = PBXFileReference; lastKnownFileType = sourcecode.swift; path = "UIFont+.swift"; sourceTree = "<group>"; };
		5131DE9C2D5DF3C600527C8E /* CarouselGradientView.swift */ = {isa = PBXFileReference; lastKnownFileType = sourcecode.swift; path = CarouselGradientView.swift; sourceTree = "<group>"; };
		5131DE9E2D5DFC2B00527C8E /* UICollectionView+.swift */ = {isa = PBXFileReference; lastKnownFileType = sourcecode.swift; path = "UICollectionView+.swift"; sourceTree = "<group>"; };
		5131DEA62D5E1F4100527C8E /* CarouselCellData.swift */ = {isa = PBXFileReference; lastKnownFileType = sourcecode.swift; path = CarouselCellData.swift; sourceTree = "<group>"; };
		5131DEA82D5E230D00527C8E /* BackdropCarouselVM.swift */ = {isa = PBXFileReference; lastKnownFileType = sourcecode.swift; path = BackdropCarouselVM.swift; sourceTree = "<group>"; };
		5131DEAB2D5E292D00527C8E /* MockData.swift */ = {isa = PBXFileReference; lastKnownFileType = sourcecode.swift; path = MockData.swift; sourceTree = "<group>"; };
		5131DEAE2D5E2C8800527C8E /* TMDBNetworkManager.swift */ = {isa = PBXFileReference; lastKnownFileType = sourcecode.swift; path = TMDBNetworkManager.swift; sourceTree = "<group>"; };
		5131DEB82D5E420900527C8E /* PrographyAssignmentTests.xctest */ = {isa = PBXFileReference; explicitFileType = wrapper.cfbundle; includeInIndex = 0; path = PrographyAssignmentTests.xctest; sourceTree = BUILT_PRODUCTS_DIR; };
		5131DEC12D5E42A800527C8E /* NetworkingTests.swift */ = {isa = PBXFileReference; lastKnownFileType = sourcecode.swift; path = NetworkingTests.swift; sourceTree = "<group>"; };
		5131DEC82D5E520D00527C8E /* MovieInfo.swift */ = {isa = PBXFileReference; lastKnownFileType = sourcecode.swift; path = MovieInfo.swift; sourceTree = "<group>"; };
		515998642D6301740013D4C8 /* MovieReviewVC.swift */ = {isa = PBXFileReference; lastKnownFileType = sourcecode.swift; path = MovieReviewVC.swift; sourceTree = "<group>"; };
		515C38952D5DC20A00FC0957 /* PrographyAssignment.app */ = {isa = PBXFileReference; explicitFileType = wrapper.application; includeInIndex = 0; path = PrographyAssignment.app; sourceTree = BUILT_PRODUCTS_DIR; };
		515C38B02D5DC22C00FC0957 /* AppDelegate.swift */ = {isa = PBXFileReference; lastKnownFileType = sourcecode.swift; path = AppDelegate.swift; sourceTree = "<group>"; };
		515C38B12D5DC22C00FC0957 /* Assets.xcassets */ = {isa = PBXFileReference; lastKnownFileType = folder.assetcatalog; path = Assets.xcassets; sourceTree = "<group>"; };
		515C38B22D5DC22C00FC0957 /* Info.plist */ = {isa = PBXFileReference; lastKnownFileType = text.plist.xml; path = Info.plist; sourceTree = "<group>"; };
		515C38B32D5DC22C00FC0957 /* Base */ = {isa = PBXFileReference; lastKnownFileType = file.storyboard; name = Base; path = Base.lproj/LaunchScreen.storyboard; sourceTree = "<group>"; };
		515C38B82D5DC22C00FC0957 /* SceneDelegate.swift */ = {isa = PBXFileReference; lastKnownFileType = sourcecode.swift; path = SceneDelegate.swift; sourceTree = "<group>"; };
		515C38BB2D5DC22C00FC0957 /* PrographyAssignment.xcdatamodel */ = {isa = PBXFileReference; lastKnownFileType = wrapper.xcdatamodel; path = PrographyAssignment.xcdatamodel; sourceTree = "<group>"; };
		5186E9AE2D6303C800B2A6A4 /* PosterCardGradientView.swift */ = {isa = PBXFileReference; lastKnownFileType = sourcecode.swift; path = PosterCardGradientView.swift; sourceTree = "<group>"; };
		5186E9B02D63088400B2A6A4 /* PosterCardView.swift */ = {isa = PBXFileReference; lastKnownFileType = sourcecode.swift; path = PosterCardView.swift; sourceTree = "<group>"; };
		5186E9B22D63108E00B2A6A4 /* StarsView.swift */ = {isa = PBXFileReference; lastKnownFileType = sourcecode.swift; path = StarsView.swift; sourceTree = "<group>"; };
		5186E9B42D63144F00B2A6A4 /* UIImage+.swift */ = {isa = PBXFileReference; lastKnownFileType = sourcecode.swift; path = "UIImage+.swift"; sourceTree = "<group>"; };
		5186E9B82D63243A00B2A6A4 /* DetailsView.swift */ = {isa = PBXFileReference; lastKnownFileType = sourcecode.swift; path = DetailsView.swift; sourceTree = "<group>"; };
		5186E9BA2D63367200B2A6A4 /* DetailsVM.swift */ = {isa = PBXFileReference; lastKnownFileType = sourcecode.swift; path = DetailsVM.swift; sourceTree = "<group>"; };
		5186E9C02D6337FA00B2A6A4 /* MovieDetails.swift */ = {isa = PBXFileReference; lastKnownFileType = sourcecode.swift; path = MovieDetails.swift; sourceTree = "<group>"; };
		5186E9C32D63533000B2A6A4 /* CommentView.swift */ = {isa = PBXFileReference; lastKnownFileType = sourcecode.swift; path = CommentView.swift; sourceTree = "<group>"; };
		5186E9C52D63581D00B2A6A4 /* CommentWriteView.swift */ = {isa = PBXFileReference; lastKnownFileType = sourcecode.swift; path = CommentWriteView.swift; sourceTree = "<group>"; };
		5186E9CC2D6370FC00B2A6A4 /* CommentWriteVM.swift */ = {isa = PBXFileReference; lastKnownFileType = sourcecode.swift; path = CommentWriteVM.swift; sourceTree = "<group>"; };
		5186E9D12D637CD000B2A6A4 /* CommentReadView.swift */ = {isa = PBXFileReference; lastKnownFileType = sourcecode.swift; path = CommentReadView.swift; sourceTree = "<group>"; };
		5186E9D32D63923200B2A6A4 /* MovieReviewVM.swift */ = {isa = PBXFileReference; lastKnownFileType = sourcecode.swift; path = MovieReviewVM.swift; sourceTree = "<group>"; };
		51A09B5F2D604F6D0002A2F7 /* ListCell.swift */ = {isa = PBXFileReference; lastKnownFileType = sourcecode.swift; path = ListCell.swift; sourceTree = "<group>"; };
		51A09B612D60549D0002A2F7 /* Pretendard-Medium.otf */ = {isa = PBXFileReference; lastKnownFileType = file; path = "Pretendard-Medium.otf"; sourceTree = "<group>"; };
		51A09B622D60549D0002A2F7 /* Pretendard-Regular.otf */ = {isa = PBXFileReference; lastKnownFileType = file; path = "Pretendard-Regular.otf"; sourceTree = "<group>"; };
		51A09B652D605D8E0002A2F7 /* GenreCell.swift */ = {isa = PBXFileReference; lastKnownFileType = sourcecode.swift; path = GenreCell.swift; sourceTree = "<group>"; };
		51A09B672D60638B0002A2F7 /* ListCellData.swift */ = {isa = PBXFileReference; lastKnownFileType = sourcecode.swift; path = ListCellData.swift; sourceTree = "<group>"; };
		51A09B692D606D4C0002A2F7 /* MovieListVC.swift */ = {isa = PBXFileReference; lastKnownFileType = sourcecode.swift; path = MovieListVC.swift; sourceTree = "<group>"; };
		51A09B6B2D6070DF0002A2F7 /* MovieListVM.swift */ = {isa = PBXFileReference; lastKnownFileType = sourcecode.swift; path = MovieListVM.swift; sourceTree = "<group>"; };
		51BAE84D2D65BB49002D7679 /* BackBarButton.swift */ = {isa = PBXFileReference; lastKnownFileType = sourcecode.swift; path = BackBarButton.swift; sourceTree = "<group>"; };
		51BAE8502D65E35E002D7679 /* MyVC.swift */ = {isa = PBXFileReference; lastKnownFileType = sourcecode.swift; path = MyVC.swift; sourceTree = "<group>"; };
		51BAE8532D65E64B002D7679 /* FilterOptionButton.swift */ = {isa = PBXFileReference; lastKnownFileType = sourcecode.swift; path = FilterOptionButton.swift; sourceTree = "<group>"; };
		51E338642D5F723A00DEECA8 /* TabContentsView.swift */ = {isa = PBXFileReference; lastKnownFileType = sourcecode.swift; path = TabContentsView.swift; sourceTree = "<group>"; };
		51E338662D5F77E700DEECA8 /* UIColor+.swift */ = {isa = PBXFileReference; lastKnownFileType = sourcecode.swift; path = "UIColor+.swift"; sourceTree = "<group>"; };
		51E338682D5F84A600DEECA8 /* TabContentsVM.swift */ = {isa = PBXFileReference; lastKnownFileType = sourcecode.swift; path = TabContentsVM.swift; sourceTree = "<group>"; };
		51E3386B2D5F900900DEECA8 /* OnlyOnce.swift */ = {isa = PBXFileReference; lastKnownFileType = sourcecode.swift; path = OnlyOnce.swift; sourceTree = "<group>"; };
		51E3386F2D5FA28800DEECA8 /* PageTableVC.swift */ = {isa = PBXFileReference; lastKnownFileType = sourcecode.swift; path = PageTableVC.swift; sourceTree = "<group>"; };
		51EB406F2D6465730069DF1E /* CoreDataManager.swift */ = {isa = PBXFileReference; lastKnownFileType = sourcecode.swift; path = CoreDataManager.swift; sourceTree = "<group>"; };
		51EB40712D6465E40069DF1E /* ReviewData.swift */ = {isa = PBXFileReference; lastKnownFileType = sourcecode.swift; path = ReviewData.swift; sourceTree = "<group>"; };
		51EB40752D6484D50069DF1E /* CoreDataManagerTests.swift */ = {isa = PBXFileReference; lastKnownFileType = sourcecode.swift; path = CoreDataManagerTests.swift; sourceTree = "<group>"; };
		51EB40772D6488F50069DF1E /* CommentCoreData+CoreDataClass.swift */ = {isa = PBXFileReference; lastKnownFileType = sourcecode.swift; path = "CommentCoreData+CoreDataClass.swift"; sourceTree = "<group>"; };
		51EB40782D6488F50069DF1E /* CommentCoreData+CoreDataProperties.swift */ = {isa = PBXFileReference; lastKnownFileType = sourcecode.swift; path = "CommentCoreData+CoreDataProperties.swift"; sourceTree = "<group>"; };
		51EB40792D6488F50069DF1E /* ReviewCoreData+CoreDataClass.swift */ = {isa = PBXFileReference; lastKnownFileType = sourcecode.swift; path = "ReviewCoreData+CoreDataClass.swift"; sourceTree = "<group>"; };
		51EB407A2D6488F50069DF1E /* ReviewCoreData+CoreDataProperties.swift */ = {isa = PBXFileReference; lastKnownFileType = sourcecode.swift; path = "ReviewCoreData+CoreDataProperties.swift"; sourceTree = "<group>"; };
		51EB40802D649C150069DF1E /* StarButtonsView.swift */ = {isa = PBXFileReference; lastKnownFileType = sourcecode.swift; path = StarButtonsView.swift; sourceTree = "<group>"; };
		51EB40822D64A6990069DF1E /* ReviewState.swift */ = {isa = PBXFileReference; lastKnownFileType = sourcecode.swift; path = ReviewState.swift; sourceTree = "<group>"; };
		51EB40842D64C14C0069DF1E /* Date+.swift */ = {isa = PBXFileReference; lastKnownFileType = sourcecode.swift; path = "Date+.swift"; sourceTree = "<group>"; };
		51EB40872D64D4820069DF1E /* PullDownBarButton.swift */ = {isa = PBXFileReference; lastKnownFileType = sourcecode.swift; path = PullDownBarButton.swift; sourceTree = "<group>"; };
		51EB40892D64E35B0069DF1E /* SaveBarButton.swift */ = {isa = PBXFileReference; lastKnownFileType = sourcecode.swift; path = SaveBarButton.swift; sourceTree = "<group>"; };
		51EB408B2D64E39A0069DF1E /* BarButtonEvent.swift */ = {isa = PBXFileReference; lastKnownFileType = sourcecode.swift; path = BarButtonEvent.swift; sourceTree = "<group>"; };
		51EB408F2D6524D20069DF1E /* MovieId.swift */ = {isa = PBXFileReference; lastKnownFileType = sourcecode.swift; path = MovieId.swift; sourceTree = "<group>"; };
/* End PBXFileReference section */

/* Begin PBXFrameworksBuildPhase section */
		5131DEB52D5E420900527C8E /* Frameworks */ = {
			isa = PBXFrameworksBuildPhase;
			buildActionMask = 2147483647;
			files = (
			);
			runOnlyForDeploymentPostprocessing = 0;
		};
		515C38922D5DC20A00FC0957 /* Frameworks */ = {
			isa = PBXFrameworksBuildPhase;
			buildActionMask = 2147483647;
			files = (
				5131DEA52D5E1DDE00527C8E /* Kingfisher in Frameworks */,
				515C38C62D5DC3BC00FC0957 /* RxCocoa in Frameworks */,
				515C38C92D5DC3E300FC0957 /* SnapKit in Frameworks */,
			);
			runOnlyForDeploymentPostprocessing = 0;
		};
/* End PBXFrameworksBuildPhase section */

/* Begin PBXGroup section */
		5131DE7B2D5DC7A300527C8E /* Feature */ = {
			isa = PBXGroup;
			children = (
				5131DE822D5DCB6000527C8E /* Home */,
				515998632D6301280013D4C8 /* MovieReview */,
				51BAE84F2D65E33F002D7679 /* My */,
			);
			path = Feature;
			sourceTree = "<group>";
		};
		5131DE7C2D5DC7AF00527C8E /* Common */ = {
			isa = PBXGroup;
			children = (
				5131DE7D2D5DC7D500527C8E /* Application */,
				515C38B42D5DC22C00FC0957 /* LaunchScreen.storyboard */,
				515C38B12D5DC22C00FC0957 /* Assets.xcassets */,
				5131DE7E2D5DC7F900527C8E /* CoreData */,
				5131DE7F2D5DC82100527C8E /* Fonts */,
				5131DE872D5DD25B00527C8E /* Extentions */,
				5131DE892D5DDD9B00527C8E /* Components */,
				5131DEAA2D5E291F00527C8E /* Models */,
				51EB408E2D6524B70069DF1E /* Protocols */,
				5131DEAD2D5E2BC400527C8E /* Managers */,
				51E3386A2D5F8FFF00DEECA8 /* Utils */,
			);
			path = Common;
			sourceTree = "<group>";
		};
		5131DE7D2D5DC7D500527C8E /* Application */ = {
			isa = PBXGroup;
			children = (
				515C38B02D5DC22C00FC0957 /* AppDelegate.swift */,
				515C38B82D5DC22C00FC0957 /* SceneDelegate.swift */,
			);
			path = Application;
			sourceTree = "<group>";
		};
		5131DE7E2D5DC7F900527C8E /* CoreData */ = {
			isa = PBXGroup;
			children = (
				515C38B72D5DC22C00FC0957 /* PrographyAssignment.xcdatamodeld */,
				51EB40772D6488F50069DF1E /* CommentCoreData+CoreDataClass.swift */,
				51EB40782D6488F50069DF1E /* CommentCoreData+CoreDataProperties.swift */,
				51EB40792D6488F50069DF1E /* ReviewCoreData+CoreDataClass.swift */,
				51EB407A2D6488F50069DF1E /* ReviewCoreData+CoreDataProperties.swift */,
			);
			path = CoreData;
			sourceTree = "<group>";
		};
		5131DE7F2D5DC82100527C8E /* Fonts */ = {
			isa = PBXGroup;
			children = (
				5131DE832D5DD10300527C8E /* Pretendard-Bold.otf */,
				5131DE842D5DD10300527C8E /* Pretendard-SemiBold.otf */,
				51A09B612D60549D0002A2F7 /* Pretendard-Medium.otf */,
				51A09B622D60549D0002A2F7 /* Pretendard-Regular.otf */,
			);
			path = Fonts;
			sourceTree = "<group>";
		};
		5131DE822D5DCB6000527C8E /* Home */ = {
			isa = PBXGroup;
			children = (
				5131DE8E2D5DE4E400527C8E /* Components */,
				5131DE802D5DCB5C00527C8E /* HomeVC.swift */,
				512C27BB2D5F4D070094CF49 /* HomeVM.swift */,
			);
			path = Home;
			sourceTree = "<group>";
		};
		5131DE872D5DD25B00527C8E /* Extentions */ = {
			isa = PBXGroup;
			children = (
				51EB40842D64C14C0069DF1E /* Date+.swift */,
				5186E9B42D63144F00B2A6A4 /* UIImage+.swift */,
				512C07442D62536700EC996C /* Int+.swift */,
				512C073E2D62483500EC996C /* Comparable+.swift */,
				51E338662D5F77E700DEECA8 /* UIColor+.swift */,
				5131DE9E2D5DFC2B00527C8E /* UICollectionView+.swift */,
				5131DE9A2D5DEC0A00527C8E /* UIFont+.swift */,
				5131DE942D5DE69900527C8E /* NSDirectionalEdgeInsets+.swift */,
				5131DE952D5DE69900527C8E /* UIEdgeInsets+.swift */,
				5131DE8C2D5DDEF100527C8E /* UIViewController+.swift */,
			);
			path = Extentions;
			sourceTree = "<group>";
		};
		5131DE892D5DDD9B00527C8E /* Components */ = {
			isa = PBXGroup;
			children = (
				5186E9B22D63108E00B2A6A4 /* StarsView.swift */,
				51A09B652D605D8E0002A2F7 /* GenreCell.swift */,
				512C07482D62654800EC996C /* GenreTagCollectionView.swift */,
			);
			path = Components;
			sourceTree = "<group>";
		};
		5131DE8E2D5DE4E400527C8E /* Components */ = {
			isa = PBXGroup;
			children = (
				5131DE932D5DE60300527C8E /* BackdropCarouselView */,
				51E338632D5F71FD00DEECA8 /* TabContentsView */,
				51E3386E2D5FA25F00DEECA8 /* PageTableVC */,
			);
			path = Components;
			sourceTree = "<group>";
		};
		5131DE932D5DE60300527C8E /* BackdropCarouselView */ = {
			isa = PBXGroup;
			children = (
				5131DEA02D5DFECF00527C8E /* Components */,
				5131DE912D5DE5DB00527C8E /* BackdropCarouselView.swift */,
				5131DEA82D5E230D00527C8E /* BackdropCarouselVM.swift */,
			);
			path = BackdropCarouselView;
			sourceTree = "<group>";
		};
		5131DEA02D5DFECF00527C8E /* Components */ = {
			isa = PBXGroup;
			children = (
				5131DE982D5DEA1B00527C8E /* CarouselCell.swift */,
				5131DEA62D5E1F4100527C8E /* CarouselCellData.swift */,
				5131DE9C2D5DF3C600527C8E /* CarouselGradientView.swift */,
			);
			path = Components;
			sourceTree = "<group>";
		};
		5131DEAA2D5E291F00527C8E /* Models */ = {
			isa = PBXGroup;
			children = (
				51EB40712D6465E40069DF1E /* ReviewData.swift */,
				5131DEAB2D5E292D00527C8E /* MockData.swift */,
				5131DEC82D5E520D00527C8E /* MovieInfo.swift */,
				5186E9C02D6337FA00B2A6A4 /* MovieDetails.swift */,
			);
			path = Models;
			sourceTree = "<group>";
		};
		5131DEAD2D5E2BC400527C8E /* Managers */ = {
			isa = PBXGroup;
			children = (
				51EB406F2D6465730069DF1E /* CoreDataManager.swift */,
				5131DEAE2D5E2C8800527C8E /* TMDBNetworkManager.swift */,
				512C073A2D6240A000EC996C /* HapticManager.swift */,
			);
			path = Managers;
			sourceTree = "<group>";
		};
		5131DEC22D5E42A800527C8E /* PrographyAssignmentTests */ = {
			isa = PBXGroup;
			children = (
				5131DEC12D5E42A800527C8E /* NetworkingTests.swift */,
				51EB40752D6484D50069DF1E /* CoreDataManagerTests.swift */,
			);
			path = PrographyAssignmentTests;
			sourceTree = "<group>";
		};
		515998632D6301280013D4C8 /* MovieReview */ = {
			isa = PBXGroup;
			children = (
				5186E9AD2D6303C100B2A6A4 /* Components */,
				515998642D6301740013D4C8 /* MovieReviewVC.swift */,
				5186E9D32D63923200B2A6A4 /* MovieReviewVM.swift */,
				51EB40822D64A6990069DF1E /* ReviewState.swift */,
			);
			path = MovieReview;
			sourceTree = "<group>";
		};
		515C388C2D5DC20A00FC0957 = {
			isa = PBXGroup;
			children = (
				515C38BA2D5DC22C00FC0957 /* PrographyAssignment */,
				5131DEC22D5E42A800527C8E /* PrographyAssignmentTests */,
				515C38962D5DC20A00FC0957 /* Products */,
			);
			sourceTree = "<group>";
		};
		515C38962D5DC20A00FC0957 /* Products */ = {
			isa = PBXGroup;
			children = (
				515C38952D5DC20A00FC0957 /* PrographyAssignment.app */,
				5131DEB82D5E420900527C8E /* PrographyAssignmentTests.xctest */,
			);
			name = Products;
			sourceTree = "<group>";
		};
		515C38BA2D5DC22C00FC0957 /* PrographyAssignment */ = {
			isa = PBXGroup;
			children = (
				512C27B32D5F1CFD0094CF49 /* Secrets.xcconfig */,
				515C38B22D5DC22C00FC0957 /* Info.plist */,
				5131DE7B2D5DC7A300527C8E /* Feature */,
				5131DE7C2D5DC7AF00527C8E /* Common */,
			);
			path = PrographyAssignment;
			sourceTree = "<group>";
		};
		5186E9AD2D6303C100B2A6A4 /* Components */ = {
			isa = PBXGroup;
			children = (
				51EB40862D64D4630069DF1E /* BarButtons */,
				5186E9B62D6323C600B2A6A4 /* PosterCardView */,
				51EB407F2D649BE30069DF1E /* StarButtonsView */,
				5186E9B72D63242400B2A6A4 /* DetailView */,
				5186E9C22D6352AB00B2A6A4 /* CommentView */,
			);
			path = Components;
			sourceTree = "<group>";
		};
		5186E9B62D6323C600B2A6A4 /* PosterCardView */ = {
			isa = PBXGroup;
			children = (
				5186E9B02D63088400B2A6A4 /* PosterCardView.swift */,
				5186E9AE2D6303C800B2A6A4 /* PosterCardGradientView.swift */,
			);
			path = PosterCardView;
			sourceTree = "<group>";
		};
		5186E9B72D63242400B2A6A4 /* DetailView */ = {
			isa = PBXGroup;
			children = (
				5186E9B82D63243A00B2A6A4 /* DetailsView.swift */,
				5186E9BA2D63367200B2A6A4 /* DetailsVM.swift */,
			);
			path = DetailView;
			sourceTree = "<group>";
		};
		5186E9C22D6352AB00B2A6A4 /* CommentView */ = {
			isa = PBXGroup;
			children = (
				5186E9D02D637C7500B2A6A4 /* CommentReadView */,
				5186E9CE2D637C2300B2A6A4 /* CommentWriteView */,
				5186E9C32D63533000B2A6A4 /* CommentView.swift */,
			);
			path = CommentView;
			sourceTree = "<group>";
		};
		5186E9CE2D637C2300B2A6A4 /* CommentWriteView */ = {
			isa = PBXGroup;
			children = (
				5186E9C52D63581D00B2A6A4 /* CommentWriteView.swift */,
				5186E9CC2D6370FC00B2A6A4 /* CommentWriteVM.swift */,
			);
			path = CommentWriteView;
			sourceTree = "<group>";
		};
		5186E9D02D637C7500B2A6A4 /* CommentReadView */ = {
			isa = PBXGroup;
			children = (
				5186E9D12D637CD000B2A6A4 /* CommentReadView.swift */,
			);
			path = CommentReadView;
			sourceTree = "<group>";
		};
		51A09B772D60CC690002A2F7 /* Components */ = {
			isa = PBXGroup;
			children = (
				51A09B792D60CC8A0002A2F7 /* MovieListVC */,
			);
			path = Components;
			sourceTree = "<group>";
		};
		51A09B782D60CC7F0002A2F7 /* ListCell */ = {
			isa = PBXGroup;
			children = (
				51A09B5F2D604F6D0002A2F7 /* ListCell.swift */,
				51A09B672D60638B0002A2F7 /* ListCellData.swift */,
			);
			path = ListCell;
			sourceTree = "<group>";
		};
		51A09B792D60CC8A0002A2F7 /* MovieListVC */ = {
			isa = PBXGroup;
			children = (
				51A09B782D60CC7F0002A2F7 /* ListCell */,
				51A09B692D606D4C0002A2F7 /* MovieListVC.swift */,
				51A09B6B2D6070DF0002A2F7 /* MovieListVM.swift */,
			);
			path = MovieListVC;
			sourceTree = "<group>";
		};
		51BAE84F2D65E33F002D7679 /* My */ = {
			isa = PBXGroup;
			children = (
				51BAE8522D65E642002D7679 /* Components */,
				51BAE8502D65E35E002D7679 /* MyVC.swift */,
			);
			path = My;
			sourceTree = "<group>";
		};
		51BAE8522D65E642002D7679 /* Components */ = {
			isa = PBXGroup;
			children = (
				51BAE8552D661D9A002D7679 /* FilterOptionButton */,
			);
			path = Components;
			sourceTree = "<group>";
		};
		51BAE8552D661D9A002D7679 /* FilterOptionButton */ = {
			isa = PBXGroup;
			children = (
				51BAE8532D65E64B002D7679 /* FilterOptionButton.swift */,
			);
			path = FilterOptionButton;
			sourceTree = "<group>";
		};
		51E338632D5F71FD00DEECA8 /* TabContentsView */ = {
			isa = PBXGroup;
			children = (
				51E338642D5F723A00DEECA8 /* TabContentsView.swift */,
				51E338682D5F84A600DEECA8 /* TabContentsVM.swift */,
			);
			path = TabContentsView;
			sourceTree = "<group>";
		};
		51E3386A2D5F8FFF00DEECA8 /* Utils */ = {
			isa = PBXGroup;
			children = (
				51E3386B2D5F900900DEECA8 /* OnlyOnce.swift */,
			);
			path = Utils;
			sourceTree = "<group>";
		};
		51E3386E2D5FA25F00DEECA8 /* PageTableVC */ = {
			isa = PBXGroup;
			children = (
				51A09B772D60CC690002A2F7 /* Components */,
				51E3386F2D5FA28800DEECA8 /* PageTableVC.swift */,
			);
			path = PageTableVC;
			sourceTree = "<group>";
		};
		51EB407F2D649BE30069DF1E /* StarButtonsView */ = {
			isa = PBXGroup;
			children = (
				51EB40802D649C150069DF1E /* StarButtonsView.swift */,
			);
			path = StarButtonsView;
			sourceTree = "<group>";
		};
		51EB40862D64D4630069DF1E /* BarButtons */ = {
			isa = PBXGroup;
			children = (
				51EB40872D64D4820069DF1E /* PullDownBarButton.swift */,
				51EB40892D64E35B0069DF1E /* SaveBarButton.swift */,
				51BAE84D2D65BB49002D7679 /* BackBarButton.swift */,
				51EB408B2D64E39A0069DF1E /* BarButtonEvent.swift */,
			);
			path = BarButtons;
			sourceTree = "<group>";
		};
		51EB408E2D6524B70069DF1E /* Protocols */ = {
			isa = PBXGroup;
			children = (
				51EB408F2D6524D20069DF1E /* MovieId.swift */,
			);
			path = Protocols;
			sourceTree = "<group>";
		};
/* End PBXGroup section */

/* Begin PBXNativeTarget section */
		5131DEB72D5E420900527C8E /* PrographyAssignmentTests */ = {
			isa = PBXNativeTarget;
			buildConfigurationList = 5131DEBE2D5E420900527C8E /* Build configuration list for PBXNativeTarget "PrographyAssignmentTests" */;
			buildPhases = (
				5131DEB42D5E420900527C8E /* Sources */,
				5131DEB52D5E420900527C8E /* Frameworks */,
				5131DEB62D5E420900527C8E /* Resources */,
			);
			buildRules = (
			);
			dependencies = (
				5131DEBD2D5E420900527C8E /* PBXTargetDependency */,
			);
			name = PrographyAssignmentTests;
			packageProductDependencies = (
			);
			productName = PrographyAssignmentTests;
			productReference = 5131DEB82D5E420900527C8E /* PrographyAssignmentTests.xctest */;
			productType = "com.apple.product-type.bundle.unit-test";
		};
		515C38942D5DC20A00FC0957 /* PrographyAssignment */ = {
			isa = PBXNativeTarget;
			buildConfigurationList = 515C38AB2D5DC20B00FC0957 /* Build configuration list for PBXNativeTarget "PrographyAssignment" */;
			buildPhases = (
				515C38912D5DC20A00FC0957 /* Sources */,
				515C38922D5DC20A00FC0957 /* Frameworks */,
				515C38932D5DC20A00FC0957 /* Resources */,
			);
			buildRules = (
			);
			dependencies = (
			);
			name = PrographyAssignment;
			packageProductDependencies = (
				515C38C52D5DC3BC00FC0957 /* RxCocoa */,
				515C38C82D5DC3E300FC0957 /* SnapKit */,
				5131DEA42D5E1DDE00527C8E /* Kingfisher */,
			);
			productName = PrographyAssignment;
			productReference = 515C38952D5DC20A00FC0957 /* PrographyAssignment.app */;
			productType = "com.apple.product-type.application";
		};
/* End PBXNativeTarget section */

/* Begin PBXProject section */
		515C388D2D5DC20A00FC0957 /* Project object */ = {
			isa = PBXProject;
			attributes = {
				BuildIndependentTargetsInParallel = 1;
				LastSwiftUpdateCheck = 1620;
				LastUpgradeCheck = 1620;
				TargetAttributes = {
					5131DEB72D5E420900527C8E = {
						CreatedOnToolsVersion = 16.2;
						TestTargetID = 515C38942D5DC20A00FC0957;
					};
					515C38942D5DC20A00FC0957 = {
						CreatedOnToolsVersion = 16.2;
					};
				};
			};
			buildConfigurationList = 515C38902D5DC20A00FC0957 /* Build configuration list for PBXProject "PrographyAssignment" */;
			developmentRegion = ko;
			hasScannedForEncodings = 0;
			knownRegions = (
				Base,
				ko,
			);
			mainGroup = 515C388C2D5DC20A00FC0957;
			minimizedProjectReferenceProxies = 1;
			packageReferences = (
				515C38C42D5DC3BC00FC0957 /* XCRemoteSwiftPackageReference "RxSwift" */,
				515C38C72D5DC3E300FC0957 /* XCRemoteSwiftPackageReference "SnapKit" */,
				5131DEA32D5E1DDE00527C8E /* XCRemoteSwiftPackageReference "Kingfisher" */,
			);
			preferredProjectObjectVersion = 77;
			productRefGroup = 515C38962D5DC20A00FC0957 /* Products */;
			projectDirPath = "";
			projectRoot = "";
			targets = (
				515C38942D5DC20A00FC0957 /* PrographyAssignment */,
				5131DEB72D5E420900527C8E /* PrographyAssignmentTests */,
			);
		};
/* End PBXProject section */

/* Begin PBXResourcesBuildPhase section */
		5131DEB62D5E420900527C8E /* Resources */ = {
			isa = PBXResourcesBuildPhase;
			buildActionMask = 2147483647;
			files = (
			);
			runOnlyForDeploymentPostprocessing = 0;
		};
		515C38932D5DC20A00FC0957 /* Resources */ = {
			isa = PBXResourcesBuildPhase;
			buildActionMask = 2147483647;
			files = (
				5131DE852D5DD10300527C8E /* Pretendard-SemiBold.otf in Resources */,
				512C27B42D5F1CFD0094CF49 /* Secrets.xcconfig in Resources */,
				5131DE862D5DD10300527C8E /* Pretendard-Bold.otf in Resources */,
				515C38BC2D5DC22C00FC0957 /* Assets.xcassets in Resources */,
				51A09B632D60549D0002A2F7 /* Pretendard-Regular.otf in Resources */,
				51A09B642D60549D0002A2F7 /* Pretendard-Medium.otf in Resources */,
				515C38BE2D5DC22C00FC0957 /* LaunchScreen.storyboard in Resources */,
			);
			runOnlyForDeploymentPostprocessing = 0;
		};
/* End PBXResourcesBuildPhase section */

/* Begin PBXSourcesBuildPhase section */
		5131DEB42D5E420900527C8E /* Sources */ = {
			isa = PBXSourcesBuildPhase;
			buildActionMask = 2147483647;
			files = (
				51EB40762D6484D50069DF1E /* CoreDataManagerTests.swift in Sources */,
				5131DEC32D5E42A800527C8E /* NetworkingTests.swift in Sources */,
			);
			runOnlyForDeploymentPostprocessing = 0;
		};
		515C38912D5DC20A00FC0957 /* Sources */ = {
			isa = PBXSourcesBuildPhase;
			buildActionMask = 2147483647;
			files = (
				5186E9B12D63088E00B2A6A4 /* PosterCardView.swift in Sources */,
				5186E9AF2D6303C800B2A6A4 /* PosterCardGradientView.swift in Sources */,
				5131DE8D2D5DDEF100527C8E /* UIViewController+.swift in Sources */,
				5186E9C12D63380B00B2A6A4 /* MovieDetails.swift in Sources */,
				5131DE962D5DE69900527C8E /* NSDirectionalEdgeInsets+.swift in Sources */,
				51EB40832D64A6A80069DF1E /* ReviewState.swift in Sources */,
				5186E9D42D63923500B2A6A4 /* MovieReviewVM.swift in Sources */,
				5186E9C62D63587D00B2A6A4 /* CommentWriteView.swift in Sources */,
				5131DE9D2D5DF3C600527C8E /* CarouselGradientView.swift in Sources */,
				51EB40852D64C14F0069DF1E /* Date+.swift in Sources */,
				512C27BC2D5F4D130094CF49 /* HomeVM.swift in Sources */,
				51E3386C2D5F900900DEECA8 /* OnlyOnce.swift in Sources */,
				5131DE9B2D5DEC0D00527C8E /* UIFont+.swift in Sources */,
				51E338672D5F77E700DEECA8 /* UIColor+.swift in Sources */,
				51EB407B2D6488F50069DF1E /* CommentCoreData+CoreDataClass.swift in Sources */,
				51BAE84E2D65BB50002D7679 /* BackBarButton.swift in Sources */,
				51EB407C2D6488F50069DF1E /* CommentCoreData+CoreDataProperties.swift in Sources */,
				51EB407D2D6488F50069DF1E /* ReviewCoreData+CoreDataClass.swift in Sources */,
				51EB407E2D6488F50069DF1E /* ReviewCoreData+CoreDataProperties.swift in Sources */,
				5131DEAF2D5E2C9300527C8E /* TMDBNetworkManager.swift in Sources */,
				51E338692D5F84AA00DEECA8 /* TabContentsVM.swift in Sources */,
				51EB40702D64657C0069DF1E /* CoreDataManager.swift in Sources */,
				51A09B682D60638E0002A2F7 /* ListCellData.swift in Sources */,
				51EB408A2D64E3610069DF1E /* SaveBarButton.swift in Sources */,
				5131DEC92D5E521400527C8E /* MovieInfo.swift in Sources */,
				5186E9B52D63145400B2A6A4 /* UIImage+.swift in Sources */,
				512C07492D62655700EC996C /* GenreTagCollectionView.swift in Sources */,
				51EB408C2D64E3B40069DF1E /* BarButtonEvent.swift in Sources */,
				51BAE8512D65E35E002D7679 /* MyVC.swift in Sources */,
				51A09B6C2D6070E20002A2F7 /* MovieListVM.swift in Sources */,
				5186E9D22D637CD900B2A6A4 /* CommentReadView.swift in Sources */,
				51EB40882D64D4840069DF1E /* PullDownBarButton.swift in Sources */,
				5186E9BB2D63367800B2A6A4 /* DetailsVM.swift in Sources */,
				51A09B6A2D606D4C0002A2F7 /* MovieListVC.swift in Sources */,
				5131DEA92D5E231200527C8E /* BackdropCarouselVM.swift in Sources */,
				51EB40902D6524E10069DF1E /* MovieId.swift in Sources */,
				5131DE992D5DEA1B00527C8E /* CarouselCell.swift in Sources */,
				5186E9B32D63109300B2A6A4 /* StarsView.swift in Sources */,
				5131DE972D5DE69900527C8E /* UIEdgeInsets+.swift in Sources */,
				51A09B662D605D8E0002A2F7 /* GenreCell.swift in Sources */,
				5131DEA72D5E1F8000527C8E /* CarouselCellData.swift in Sources */,
				51BAE8542D65E730002D7679 /* FilterOptionButton.swift in Sources */,
				5186E9C42D63535E00B2A6A4 /* CommentView.swift in Sources */,
				515C38C02D5DC22C00FC0957 /* AppDelegate.swift in Sources */,
				5186E9CD2D63710100B2A6A4 /* CommentWriteVM.swift in Sources */,
				51EB40812D649C170069DF1E /* StarButtonsView.swift in Sources */,
				512C073F2D62483A00EC996C /* Comparable+.swift in Sources */,
				515998652D6301740013D4C8 /* MovieReviewVC.swift in Sources */,
				5131DE922D5DE5DB00527C8E /* BackdropCarouselView.swift in Sources */,
				512C07452D62536B00EC996C /* Int+.swift in Sources */,
				51E338652D5F723A00DEECA8 /* TabContentsView.swift in Sources */,
				51E338702D5FA28800DEECA8 /* PageTableVC.swift in Sources */,
				5131DE812D5DCB5C00527C8E /* HomeVC.swift in Sources */,
				5131DEAC2D5E293400527C8E /* MockData.swift in Sources */,
				512C073B2D6240A000EC996C /* HapticManager.swift in Sources */,
				515C38C12D5DC22C00FC0957 /* PrographyAssignment.xcdatamodeld in Sources */,
				51A09B602D604FE80002A2F7 /* ListCell.swift in Sources */,
				5186E9B92D63243C00B2A6A4 /* DetailsView.swift in Sources */,
				5131DE9F2D5DFC2E00527C8E /* UICollectionView+.swift in Sources */,
				51EB40722D6465E80069DF1E /* ReviewData.swift in Sources */,
				515C38C22D5DC22C00FC0957 /* SceneDelegate.swift in Sources */,
			);
			runOnlyForDeploymentPostprocessing = 0;
		};
/* End PBXSourcesBuildPhase section */

/* Begin PBXTargetDependency section */
		5131DEBD2D5E420900527C8E /* PBXTargetDependency */ = {
			isa = PBXTargetDependency;
			target = 515C38942D5DC20A00FC0957 /* PrographyAssignment */;
			targetProxy = 5131DEBC2D5E420900527C8E /* PBXContainerItemProxy */;
		};
/* End PBXTargetDependency section */

/* Begin PBXVariantGroup section */
		515C38B42D5DC22C00FC0957 /* LaunchScreen.storyboard */ = {
			isa = PBXVariantGroup;
			children = (
				515C38B32D5DC22C00FC0957 /* Base */,
				5131DE882D5DDA9A00527C8E /* ko */,
			);
			name = LaunchScreen.storyboard;
			sourceTree = "<group>";
		};
/* End PBXVariantGroup section */

/* Begin XCBuildConfiguration section */
		5131DEBF2D5E420900527C8E /* Debug */ = {
			isa = XCBuildConfiguration;
			buildSettings = {
				BUNDLE_LOADER = "$(TEST_HOST)";
				CODE_SIGN_STYLE = Automatic;
				CURRENT_PROJECT_VERSION = 1;
				DEVELOPMENT_TEAM = 4ZYD8FJ88F;
				GENERATE_INFOPLIST_FILE = YES;
				IPHONEOS_DEPLOYMENT_TARGET = 17.6;
				MARKETING_VERSION = 1.0;
				PRODUCT_BUNDLE_IDENTIFIER = com.chunim.PrographyAssignmentTests;
				PRODUCT_NAME = "$(TARGET_NAME)";
				REGISTER_APP_GROUPS = NO;
				SUPPORTED_PLATFORMS = "iphoneos iphonesimulator";
				SUPPORTS_MACCATALYST = NO;
				SUPPORTS_MAC_DESIGNED_FOR_IPHONE_IPAD = NO;
				SUPPORTS_XR_DESIGNED_FOR_IPHONE_IPAD = NO;
				SWIFT_EMIT_LOC_STRINGS = NO;
				SWIFT_VERSION = 5.0;
				TARGETED_DEVICE_FAMILY = 1;
				TEST_HOST = "$(BUILT_PRODUCTS_DIR)/PrographyAssignment.app/$(BUNDLE_EXECUTABLE_FOLDER_PATH)/PrographyAssignment";
			};
			name = Debug;
		};
		5131DEC02D5E420900527C8E /* Release */ = {
			isa = XCBuildConfiguration;
			buildSettings = {
				BUNDLE_LOADER = "$(TEST_HOST)";
				CODE_SIGN_STYLE = Automatic;
				CURRENT_PROJECT_VERSION = 1;
				DEVELOPMENT_TEAM = 4ZYD8FJ88F;
				GENERATE_INFOPLIST_FILE = YES;
				IPHONEOS_DEPLOYMENT_TARGET = 17.6;
				MARKETING_VERSION = 1.0;
				PRODUCT_BUNDLE_IDENTIFIER = com.chunim.PrographyAssignmentTests;
				PRODUCT_NAME = "$(TARGET_NAME)";
				REGISTER_APP_GROUPS = NO;
				SUPPORTED_PLATFORMS = "iphoneos iphonesimulator";
				SUPPORTS_MACCATALYST = NO;
				SUPPORTS_MAC_DESIGNED_FOR_IPHONE_IPAD = NO;
				SUPPORTS_XR_DESIGNED_FOR_IPHONE_IPAD = NO;
				SWIFT_EMIT_LOC_STRINGS = NO;
				SWIFT_VERSION = 5.0;
				TARGETED_DEVICE_FAMILY = 1;
				TEST_HOST = "$(BUILT_PRODUCTS_DIR)/PrographyAssignment.app/$(BUNDLE_EXECUTABLE_FOLDER_PATH)/PrographyAssignment";
			};
			name = Release;
		};
		515C38AC2D5DC20B00FC0957 /* Debug */ = {
			isa = XCBuildConfiguration;
			buildSettings = {
				ASSETCATALOG_COMPILER_APPICON_NAME = AppIcon;
				ASSETCATALOG_COMPILER_GLOBAL_ACCENT_COLOR_NAME = AccentColor;
				CODE_SIGN_STYLE = Automatic;
				CURRENT_PROJECT_VERSION = 1;
				DEVELOPMENT_TEAM = 4ZYD8FJ88F;
				GENERATE_INFOPLIST_FILE = YES;
				INFOPLIST_FILE = PrographyAssignment/Info.plist;
				INFOPLIST_KEY_CFBundleDisplayName = PrographyAssignment;
				INFOPLIST_KEY_UIApplicationSupportsIndirectInputEvents = YES;
				INFOPLIST_KEY_UILaunchStoryboardName = LaunchScreen;
				INFOPLIST_KEY_UISupportedInterfaceOrientations = UIInterfaceOrientationPortrait;
				INFOPLIST_KEY_UISupportedInterfaceOrientations_iPad = "UIInterfaceOrientationLandscapeLeft UIInterfaceOrientationLandscapeRight UIInterfaceOrientationPortrait UIInterfaceOrientationPortraitUpsideDown";
				INFOPLIST_KEY_UIUserInterfaceStyle = Light;
				IPHONEOS_DEPLOYMENT_TARGET = 17.6;
				LD_RUNPATH_SEARCH_PATHS = (
					"$(inherited)",
					"@executable_path/Frameworks",
				);
				MARKETING_VERSION = 1.0;
				PRODUCT_BUNDLE_IDENTIFIER = com.chunim.PrographyAssignment;
				PRODUCT_NAME = "$(TARGET_NAME)";
				SUPPORTED_PLATFORMS = "iphoneos iphonesimulator";
				SUPPORTS_MACCATALYST = NO;
				SUPPORTS_MAC_DESIGNED_FOR_IPHONE_IPAD = NO;
				SUPPORTS_XR_DESIGNED_FOR_IPHONE_IPAD = NO;
				SWIFT_EMIT_LOC_STRINGS = YES;
				SWIFT_VERSION = 5.0;
				TARGETED_DEVICE_FAMILY = 1;
			};
			name = Debug;
		};
		515C38AD2D5DC20B00FC0957 /* Release */ = {
			isa = XCBuildConfiguration;
			buildSettings = {
				ASSETCATALOG_COMPILER_APPICON_NAME = AppIcon;
				ASSETCATALOG_COMPILER_GLOBAL_ACCENT_COLOR_NAME = AccentColor;
				CODE_SIGN_STYLE = Automatic;
				CURRENT_PROJECT_VERSION = 1;
				DEVELOPMENT_TEAM = 4ZYD8FJ88F;
				GENERATE_INFOPLIST_FILE = YES;
				INFOPLIST_FILE = PrographyAssignment/Info.plist;
				INFOPLIST_KEY_CFBundleDisplayName = PrographyAssignment;
				INFOPLIST_KEY_UIApplicationSupportsIndirectInputEvents = YES;
				INFOPLIST_KEY_UILaunchStoryboardName = LaunchScreen;
				INFOPLIST_KEY_UISupportedInterfaceOrientations = UIInterfaceOrientationPortrait;
				INFOPLIST_KEY_UISupportedInterfaceOrientations_iPad = "UIInterfaceOrientationLandscapeLeft UIInterfaceOrientationLandscapeRight UIInterfaceOrientationPortrait UIInterfaceOrientationPortraitUpsideDown";
				INFOPLIST_KEY_UIUserInterfaceStyle = Light;
				IPHONEOS_DEPLOYMENT_TARGET = 17.6;
				LD_RUNPATH_SEARCH_PATHS = (
					"$(inherited)",
					"@executable_path/Frameworks",
				);
				MARKETING_VERSION = 1.0;
				PRODUCT_BUNDLE_IDENTIFIER = com.chunim.PrographyAssignment;
				PRODUCT_NAME = "$(TARGET_NAME)";
				SUPPORTED_PLATFORMS = "iphoneos iphonesimulator";
				SUPPORTS_MACCATALYST = NO;
				SUPPORTS_MAC_DESIGNED_FOR_IPHONE_IPAD = NO;
				SUPPORTS_XR_DESIGNED_FOR_IPHONE_IPAD = NO;
				SWIFT_EMIT_LOC_STRINGS = YES;
				SWIFT_VERSION = 5.0;
				TARGETED_DEVICE_FAMILY = 1;
			};
			name = Release;
		};
		515C38AE2D5DC20B00FC0957 /* Debug */ = {
			isa = XCBuildConfiguration;
			baseConfigurationReference = 512C27B32D5F1CFD0094CF49 /* Secrets.xcconfig */;
			buildSettings = {
				ALWAYS_SEARCH_USER_PATHS = NO;
				ASSETCATALOG_COMPILER_GENERATE_SWIFT_ASSET_SYMBOL_EXTENSIONS = YES;
				CLANG_ANALYZER_LOCALIZABILITY_NONLOCALIZED = YES;
				CLANG_ANALYZER_NONNULL = YES;
				CLANG_ANALYZER_NUMBER_OBJECT_CONVERSION = YES_AGGRESSIVE;
				CLANG_CXX_LANGUAGE_STANDARD = "gnu++20";
				CLANG_ENABLE_MODULES = YES;
				CLANG_ENABLE_OBJC_ARC = YES;
				CLANG_ENABLE_OBJC_WEAK = YES;
				CLANG_WARN_BLOCK_CAPTURE_AUTORELEASING = YES;
				CLANG_WARN_BOOL_CONVERSION = YES;
				CLANG_WARN_COMMA = YES;
				CLANG_WARN_CONSTANT_CONVERSION = YES;
				CLANG_WARN_DEPRECATED_OBJC_IMPLEMENTATIONS = YES;
				CLANG_WARN_DIRECT_OBJC_ISA_USAGE = YES_ERROR;
				CLANG_WARN_DOCUMENTATION_COMMENTS = YES;
				CLANG_WARN_EMPTY_BODY = YES;
				CLANG_WARN_ENUM_CONVERSION = YES;
				CLANG_WARN_INFINITE_RECURSION = YES;
				CLANG_WARN_INT_CONVERSION = YES;
				CLANG_WARN_NON_LITERAL_NULL_CONVERSION = YES;
				CLANG_WARN_OBJC_IMPLICIT_RETAIN_SELF = YES;
				CLANG_WARN_OBJC_LITERAL_CONVERSION = YES;
				CLANG_WARN_OBJC_ROOT_CLASS = YES_ERROR;
				CLANG_WARN_QUOTED_INCLUDE_IN_FRAMEWORK_HEADER = YES;
				CLANG_WARN_RANGE_LOOP_ANALYSIS = YES;
				CLANG_WARN_STRICT_PROTOTYPES = YES;
				CLANG_WARN_SUSPICIOUS_MOVE = YES;
				CLANG_WARN_UNGUARDED_AVAILABILITY = YES_AGGRESSIVE;
				CLANG_WARN_UNREACHABLE_CODE = YES;
				CLANG_WARN__DUPLICATE_METHOD_MATCH = YES;
				COPY_PHASE_STRIP = NO;
				DEBUG_INFORMATION_FORMAT = dwarf;
				ENABLE_STRICT_OBJC_MSGSEND = YES;
				ENABLE_TESTABILITY = YES;
				ENABLE_USER_SCRIPT_SANDBOXING = YES;
				GCC_C_LANGUAGE_STANDARD = gnu17;
				GCC_DYNAMIC_NO_PIC = NO;
				GCC_NO_COMMON_BLOCKS = YES;
				GCC_OPTIMIZATION_LEVEL = 0;
				GCC_PREPROCESSOR_DEFINITIONS = (
					"DEBUG=1",
					"$(inherited)",
				);
				GCC_WARN_64_TO_32_BIT_CONVERSION = YES;
				GCC_WARN_ABOUT_RETURN_TYPE = YES_ERROR;
				GCC_WARN_UNDECLARED_SELECTOR = YES;
				GCC_WARN_UNINITIALIZED_AUTOS = YES_AGGRESSIVE;
				GCC_WARN_UNUSED_FUNCTION = YES;
				GCC_WARN_UNUSED_VARIABLE = YES;
				IPHONEOS_DEPLOYMENT_TARGET = 18.2;
				LOCALIZATION_PREFERS_STRING_CATALOGS = YES;
				MTL_ENABLE_DEBUG_INFO = INCLUDE_SOURCE;
				MTL_FAST_MATH = YES;
				ONLY_ACTIVE_ARCH = YES;
				SDKROOT = iphoneos;
				SWIFT_ACTIVE_COMPILATION_CONDITIONS = "DEBUG $(inherited)";
				SWIFT_OPTIMIZATION_LEVEL = "-Onone";
			};
			name = Debug;
		};
		515C38AF2D5DC20B00FC0957 /* Release */ = {
			isa = XCBuildConfiguration;
			buildSettings = {
				ALWAYS_SEARCH_USER_PATHS = NO;
				ASSETCATALOG_COMPILER_GENERATE_SWIFT_ASSET_SYMBOL_EXTENSIONS = YES;
				CLANG_ANALYZER_LOCALIZABILITY_NONLOCALIZED = YES;
				CLANG_ANALYZER_NONNULL = YES;
				CLANG_ANALYZER_NUMBER_OBJECT_CONVERSION = YES_AGGRESSIVE;
				CLANG_CXX_LANGUAGE_STANDARD = "gnu++20";
				CLANG_ENABLE_MODULES = YES;
				CLANG_ENABLE_OBJC_ARC = YES;
				CLANG_ENABLE_OBJC_WEAK = YES;
				CLANG_WARN_BLOCK_CAPTURE_AUTORELEASING = YES;
				CLANG_WARN_BOOL_CONVERSION = YES;
				CLANG_WARN_COMMA = YES;
				CLANG_WARN_CONSTANT_CONVERSION = YES;
				CLANG_WARN_DEPRECATED_OBJC_IMPLEMENTATIONS = YES;
				CLANG_WARN_DIRECT_OBJC_ISA_USAGE = YES_ERROR;
				CLANG_WARN_DOCUMENTATION_COMMENTS = YES;
				CLANG_WARN_EMPTY_BODY = YES;
				CLANG_WARN_ENUM_CONVERSION = YES;
				CLANG_WARN_INFINITE_RECURSION = YES;
				CLANG_WARN_INT_CONVERSION = YES;
				CLANG_WARN_NON_LITERAL_NULL_CONVERSION = YES;
				CLANG_WARN_OBJC_IMPLICIT_RETAIN_SELF = YES;
				CLANG_WARN_OBJC_LITERAL_CONVERSION = YES;
				CLANG_WARN_OBJC_ROOT_CLASS = YES_ERROR;
				CLANG_WARN_QUOTED_INCLUDE_IN_FRAMEWORK_HEADER = YES;
				CLANG_WARN_RANGE_LOOP_ANALYSIS = YES;
				CLANG_WARN_STRICT_PROTOTYPES = YES;
				CLANG_WARN_SUSPICIOUS_MOVE = YES;
				CLANG_WARN_UNGUARDED_AVAILABILITY = YES_AGGRESSIVE;
				CLANG_WARN_UNREACHABLE_CODE = YES;
				CLANG_WARN__DUPLICATE_METHOD_MATCH = YES;
				COPY_PHASE_STRIP = NO;
				DEBUG_INFORMATION_FORMAT = "dwarf-with-dsym";
				ENABLE_NS_ASSERTIONS = NO;
				ENABLE_STRICT_OBJC_MSGSEND = YES;
				ENABLE_USER_SCRIPT_SANDBOXING = YES;
				GCC_C_LANGUAGE_STANDARD = gnu17;
				GCC_NO_COMMON_BLOCKS = YES;
				GCC_WARN_64_TO_32_BIT_CONVERSION = YES;
				GCC_WARN_ABOUT_RETURN_TYPE = YES_ERROR;
				GCC_WARN_UNDECLARED_SELECTOR = YES;
				GCC_WARN_UNINITIALIZED_AUTOS = YES_AGGRESSIVE;
				GCC_WARN_UNUSED_FUNCTION = YES;
				GCC_WARN_UNUSED_VARIABLE = YES;
				IPHONEOS_DEPLOYMENT_TARGET = 18.2;
				LOCALIZATION_PREFERS_STRING_CATALOGS = YES;
				MTL_ENABLE_DEBUG_INFO = NO;
				MTL_FAST_MATH = YES;
				SDKROOT = iphoneos;
				SWIFT_COMPILATION_MODE = wholemodule;
				VALIDATE_PRODUCT = YES;
			};
			name = Release;
		};
/* End XCBuildConfiguration section */

/* Begin XCConfigurationList section */
		5131DEBE2D5E420900527C8E /* Build configuration list for PBXNativeTarget "PrographyAssignmentTests" */ = {
			isa = XCConfigurationList;
			buildConfigurations = (
				5131DEBF2D5E420900527C8E /* Debug */,
				5131DEC02D5E420900527C8E /* Release */,
			);
			defaultConfigurationIsVisible = 0;
			defaultConfigurationName = Release;
		};
		515C38902D5DC20A00FC0957 /* Build configuration list for PBXProject "PrographyAssignment" */ = {
			isa = XCConfigurationList;
			buildConfigurations = (
				515C38AE2D5DC20B00FC0957 /* Debug */,
				515C38AF2D5DC20B00FC0957 /* Release */,
			);
			defaultConfigurationIsVisible = 0;
			defaultConfigurationName = Release;
		};
		515C38AB2D5DC20B00FC0957 /* Build configuration list for PBXNativeTarget "PrographyAssignment" */ = {
			isa = XCConfigurationList;
			buildConfigurations = (
				515C38AC2D5DC20B00FC0957 /* Debug */,
				515C38AD2D5DC20B00FC0957 /* Release */,
			);
			defaultConfigurationIsVisible = 0;
			defaultConfigurationName = Release;
		};
/* End XCConfigurationList section */

/* Begin XCRemoteSwiftPackageReference section */
		5131DEA32D5E1DDE00527C8E /* XCRemoteSwiftPackageReference "Kingfisher" */ = {
			isa = XCRemoteSwiftPackageReference;
			repositoryURL = "https://github.com/onevcat/Kingfisher.git";
			requirement = {
				kind = upToNextMajorVersion;
				minimumVersion = 8.2.0;
			};
		};
		515C38C42D5DC3BC00FC0957 /* XCRemoteSwiftPackageReference "RxSwift" */ = {
			isa = XCRemoteSwiftPackageReference;
			repositoryURL = "https://github.com/ReactiveX/RxSwift";
			requirement = {
				kind = upToNextMajorVersion;
				minimumVersion = 6.8.0;
			};
		};
		515C38C72D5DC3E300FC0957 /* XCRemoteSwiftPackageReference "SnapKit" */ = {
			isa = XCRemoteSwiftPackageReference;
			repositoryURL = "https://github.com/SnapKit/SnapKit";
			requirement = {
				kind = upToNextMajorVersion;
				minimumVersion = 5.7.1;
			};
		};
/* End XCRemoteSwiftPackageReference section */

/* Begin XCSwiftPackageProductDependency section */
		5131DEA42D5E1DDE00527C8E /* Kingfisher */ = {
			isa = XCSwiftPackageProductDependency;
			package = 5131DEA32D5E1DDE00527C8E /* XCRemoteSwiftPackageReference "Kingfisher" */;
			productName = Kingfisher;
		};
		515C38C52D5DC3BC00FC0957 /* RxCocoa */ = {
			isa = XCSwiftPackageProductDependency;
			package = 515C38C42D5DC3BC00FC0957 /* XCRemoteSwiftPackageReference "RxSwift" */;
			productName = RxCocoa;
		};
		515C38C82D5DC3E300FC0957 /* SnapKit */ = {
			isa = XCSwiftPackageProductDependency;
			package = 515C38C72D5DC3E300FC0957 /* XCRemoteSwiftPackageReference "SnapKit" */;
			productName = SnapKit;
		};
/* End XCSwiftPackageProductDependency section */

/* Begin XCVersionGroup section */
		515C38B72D5DC22C00FC0957 /* PrographyAssignment.xcdatamodeld */ = {
			isa = XCVersionGroup;
			children = (
				515C38BB2D5DC22C00FC0957 /* PrographyAssignment.xcdatamodel */,
			);
			currentVersion = 515C38BB2D5DC22C00FC0957 /* PrographyAssignment.xcdatamodel */;
			path = PrographyAssignment.xcdatamodeld;
			sourceTree = "<group>";
			versionGroupType = wrapper.xcdatamodel;
		};
/* End XCVersionGroup section */
	};
	rootObject = 515C388D2D5DC20A00FC0957 /* Project object */;
}
